<?xml version="1.0" encoding="utf-8"?>
<Project ToolsVersion="4.0" xmlns="http://schemas.microsoft.com/developer/msbuild/2003">
  <ItemGroup>
    <Filter Include="Source Files">
      <UniqueIdentifier>{4FC737F1-C7A5-4376-A066-2A32D752A2FF}</UniqueIdentifier>
      <Extensions>cpp;c;cc;cxx;def;odl;idl;hpj;bat;asm;asmx</Extensions>
    </Filter>
    <Filter Include="Header Files">
      <UniqueIdentifier>{93995380-89BD-4b04-88EB-625FBE52EBFB}</UniqueIdentifier>
      <Extensions>h;hh;hpp;hxx;hm;inl;inc;xsd</Extensions>
    </Filter>
    <Filter Include="Resource Files">
      <UniqueIdentifier>{67DA6AB6-F800-4c08-8B7A-83BB121AAD01}</UniqueIdentifier>
      <Extensions>rc;ico;cur;bmp;dlg;rc2;rct;bin;rgs;gif;jpg;jpeg;jpe;resx;tiff;tif;png;wav;mfcribbon-ms</Extensions>
    </Filter>
  </ItemGroup>
  <ItemGroup>
    <None Include="Marlin.ino" />
  </ItemGroup>
  <ItemGroup>
    <ClInclude Include="Configuration.h">
      <Filter>Header Files</Filter>
    </ClInclude>
    <ClInclude Include="Configuration_adv.h">
      <Filter>Header Files</Filter>
    </ClInclude>
    <ClInclude Include="src\Marlin.h">
      <Filter>Header Files</Filter>
    </ClInclude>
    <ClInclude Include="src\config\default\Configuration.h">
      <Filter>Header Files</Filter>
    </ClInclude>
    <ClInclude Include="src\config\default\Configuration_adv.h">
      <Filter>Header Files</Filter>
    </ClInclude>
    <ClInclude Include="src\config\examples\adafruit\ST7565\Configuration.h">
      <Filter>Header Files</Filter>
    </ClInclude>
    <ClInclude Include="src\config\examples\AlephObjects\TAZ4\Configuration.h">
      <Filter>Header Files</Filter>
    </ClInclude>
    <ClInclude Include="src\config\examples\AlephObjects\TAZ4\Configuration_adv.h">
      <Filter>Header Files</Filter>
    </ClInclude>
    <ClInclude Include="src\config\examples\AliExpress\CL-260\Configuration.h">
      <Filter>Header Files</Filter>
    </ClInclude>
    <ClInclude Include="src\config\examples\Anet\A6\Configuration.h">
      <Filter>Header Files</Filter>
    </ClInclude>
    <ClInclude Include="src\config\examples\Anet\A6\Configuration_adv.h">
      <Filter>Header Files</Filter>
    </ClInclude>
    <ClInclude Include="src\config\examples\Anet\A8\Configuration.h">
      <Filter>Header Files</Filter>
    </ClInclude>
    <ClInclude Include="src\config\examples\Anet\A8\Configuration_adv.h">
      <Filter>Header Files</Filter>
    </ClInclude>
    <ClInclude Include="src\config\examples\Azteeg\X5GT\Configuration.h">
      <Filter>Header Files</Filter>
    </ClInclude>
    <ClInclude Include="src\config\examples\Azteeg\X5GT\Configuration_adv.h">
      <Filter>Header Files</Filter>
    </ClInclude>
    <ClInclude Include="src\config\examples\BIBO\TouchX\cyclops\Configuration.h">
      <Filter>Header Files</Filter>
    </ClInclude>
    <ClInclude Include="src\config\examples\BIBO\TouchX\cyclops\Configuration_adv.h">
      <Filter>Header Files</Filter>
    </ClInclude>
    <ClInclude Include="src\config\examples\BIBO\TouchX\default\Configuration.h">
      <Filter>Header Files</Filter>
    </ClInclude>
    <ClInclude Include="src\config\examples\BIBO\TouchX\default\Configuration_adv.h">
      <Filter>Header Files</Filter>
    </ClInclude>
    <ClInclude Include="src\config\examples\BQ\Hephestos\Configuration.h">
      <Filter>Header Files</Filter>
    </ClInclude>
    <ClInclude Include="src\config\examples\BQ\Hephestos\Configuration_adv.h">
      <Filter>Header Files</Filter>
    </ClInclude>
    <ClInclude Include="src\config\examples\BQ\Hephestos_2\Configuration.h">
      <Filter>Header Files</Filter>
    </ClInclude>
    <ClInclude Include="src\config\examples\BQ\Hephestos_2\Configuration_adv.h">
      <Filter>Header Files</Filter>
    </ClInclude>
    <ClInclude Include="src\config\examples\BQ\Hephestos_2\_Bootscreen.h">
      <Filter>Header Files</Filter>
    </ClInclude>
    <ClInclude Include="src\config\examples\BQ\WITBOX\Configuration.h">
      <Filter>Header Files</Filter>
    </ClInclude>
    <ClInclude Include="src\config\examples\BQ\WITBOX\Configuration_adv.h">
      <Filter>Header Files</Filter>
    </ClInclude>
    <ClInclude Include="src\config\examples\Cartesio\Configuration.h">
      <Filter>Header Files</Filter>
    </ClInclude>
    <ClInclude Include="src\config\examples\Cartesio\Configuration_adv.h">
      <Filter>Header Files</Filter>
    </ClInclude>
    <ClInclude Include="src\config\examples\Cartesio\_Bootscreen.h">
      <Filter>Header Files</Filter>
    </ClInclude>
    <ClInclude Include="src\config\examples\Creality\CR-10\Configuration.h">
      <Filter>Header Files</Filter>
    </ClInclude>
    <ClInclude Include="src\config\examples\Creality\CR-10\Configuration_adv.h">
      <Filter>Header Files</Filter>
    </ClInclude>
    <ClInclude Include="src\config\examples\Creality\CR-10\_Bootscreen.h">
      <Filter>Header Files</Filter>
    </ClInclude>
    <ClInclude Include="src\config\examples\Creality\CR-10\_Statusscreen.h">
      <Filter>Header Files</Filter>
    </ClInclude>
    <ClInclude Include="src\config\examples\Creality\CR-10mini\Configuration.h">
      <Filter>Header Files</Filter>
    </ClInclude>
    <ClInclude Include="src\config\examples\Creality\CR-10mini\Configuration_adv.h">
      <Filter>Header Files</Filter>
    </ClInclude>
    <ClInclude Include="src\config\examples\Creality\CR-10mini\_Bootscreen.h">
      <Filter>Header Files</Filter>
    </ClInclude>
    <ClInclude Include="src\config\examples\Creality\CR-10mini\_Statusscreen.h">
      <Filter>Header Files</Filter>
    </ClInclude>
    <ClInclude Include="src\config\examples\Creality\CR-10S\Configuration.h">
      <Filter>Header Files</Filter>
    </ClInclude>
    <ClInclude Include="src\config\examples\Creality\CR-10S\Configuration_adv.h">
      <Filter>Header Files</Filter>
    </ClInclude>
    <ClInclude Include="src\config\examples\Creality\CR-10S\_Bootscreen.h">
      <Filter>Header Files</Filter>
    </ClInclude>
    <ClInclude Include="src\config\examples\Creality\CR-10S\_Statusscreen.h">
      <Filter>Header Files</Filter>
    </ClInclude>
    <ClInclude Include="src\config\examples\Creality\CR-8\Configuration.h">
      <Filter>Header Files</Filter>
    </ClInclude>
    <ClInclude Include="src\config\examples\Creality\CR-8\Configuration_adv.h">
      <Filter>Header Files</Filter>
    </ClInclude>
    <ClInclude Include="src\config\examples\Creality\Ender-2\Configuration.h">
      <Filter>Header Files</Filter>
    </ClInclude>
    <ClInclude Include="src\config\examples\Creality\Ender-2\Configuration_adv.h">
      <Filter>Header Files</Filter>
    </ClInclude>
    <ClInclude Include="src\config\examples\Creality\Ender-2\_Bootscreen.h">
      <Filter>Header Files</Filter>
    </ClInclude>
    <ClInclude Include="src\config\examples\Creality\Ender-2\_Statusscreen.h">
      <Filter>Header Files</Filter>
    </ClInclude>
    <ClInclude Include="src\config\examples\Creality\Ender-3\Configuration.h">
      <Filter>Header Files</Filter>
    </ClInclude>
    <ClInclude Include="src\config\examples\Creality\Ender-3\Configuration_adv.h">
      <Filter>Header Files</Filter>
    </ClInclude>
    <ClInclude Include="src\config\examples\Creality\Ender-3\_Bootscreen.h">
      <Filter>Header Files</Filter>
    </ClInclude>
    <ClInclude Include="src\config\examples\Creality\Ender-3\_Statusscreen.h">
      <Filter>Header Files</Filter>
    </ClInclude>
    <ClInclude Include="src\config\examples\Creality\Ender-4\Configuration.h">
      <Filter>Header Files</Filter>
    </ClInclude>
    <ClInclude Include="src\config\examples\Creality\Ender-4\Configuration_adv.h">
      <Filter>Header Files</Filter>
    </ClInclude>
    <ClInclude Include="src\config\examples\delta\FLSUN\auto_calibrate\Configuration.h">
      <Filter>Header Files</Filter>
    </ClInclude>
    <ClInclude Include="src\config\examples\delta\FLSUN\auto_calibrate\Configuration_adv.h">
      <Filter>Header Files</Filter>
    </ClInclude>
    <ClInclude Include="src\config\examples\delta\FLSUN\kossel\Configuration.h">
      <Filter>Header Files</Filter>
    </ClInclude>
    <ClInclude Include="src\config\examples\delta\FLSUN\kossel\Configuration_adv.h">
      <Filter>Header Files</Filter>
    </ClInclude>
    <ClInclude Include="src\config\examples\delta\FLSUN\kossel_mini\Configuration.h">
      <Filter>Header Files</Filter>
    </ClInclude>
    <ClInclude Include="src\config\examples\delta\FLSUN\kossel_mini\Configuration_adv.h">
      <Filter>Header Files</Filter>
    </ClInclude>
    <ClInclude Include="src\config\examples\delta\generic\Configuration.h">
      <Filter>Header Files</Filter>
    </ClInclude>
    <ClInclude Include="src\config\examples\delta\generic\Configuration_adv.h">
      <Filter>Header Files</Filter>
    </ClInclude>
    <ClInclude Include="src\config\examples\delta\Hatchbox_Alpha\Configuration.h">
      <Filter>Header Files</Filter>
    </ClInclude>
    <ClInclude Include="src\config\examples\delta\kossel_mini\Configuration.h">
      <Filter>Header Files</Filter>
    </ClInclude>
    <ClInclude Include="src\config\examples\delta\kossel_mini\Configuration_adv.h">
      <Filter>Header Files</Filter>
    </ClInclude>
    <ClInclude Include="src\config\examples\delta\kossel_pro\Configuration.h">
      <Filter>Header Files</Filter>
    </ClInclude>
    <ClInclude Include="src\config\examples\delta\kossel_pro\Configuration_adv.h">
      <Filter>Header Files</Filter>
    </ClInclude>
    <ClInclude Include="src\config\examples\delta\kossel_xl\Configuration.h">
      <Filter>Header Files</Filter>
    </ClInclude>
    <ClInclude Include="src\config\examples\delta\kossel_xl\Configuration_adv.h">
      <Filter>Header Files</Filter>
    </ClInclude>
    <ClInclude Include="src\config\examples\Felix\Configuration.h">
      <Filter>Header Files</Filter>
    </ClInclude>
    <ClInclude Include="src\config\examples\Felix\Configuration_adv.h">
      <Filter>Header Files</Filter>
    </ClInclude>
    <ClInclude Include="src\config\examples\Felix\DUAL\Configuration.h">
      <Filter>Header Files</Filter>
    </ClInclude>
    <ClInclude Include="src\config\examples\FolgerTech\i3-2020\Configuration.h">
      <Filter>Header Files</Filter>
    </ClInclude>
    <ClInclude Include="src\config\examples\FolgerTech\i3-2020\Configuration_adv.h">
      <Filter>Header Files</Filter>
    </ClInclude>
    <ClInclude Include="src\config\examples\gCreate\gMax1.5+\Configuration.h">
      <Filter>Header Files</Filter>
    </ClInclude>
    <ClInclude Include="src\config\examples\gCreate\gMax1.5+\Configuration_adv.h">
      <Filter>Header Files</Filter>
    </ClInclude>
    <ClInclude Include="src\config\examples\gCreate\gMax1.5+\_Bootscreen.h">
      <Filter>Header Files</Filter>
    </ClInclude>
    <ClInclude Include="src\config\examples\Geeetech\GT2560\Configuration.h">
      <Filter>Header Files</Filter>
    </ClInclude>
    <ClInclude Include="src\config\examples\Geeetech\I3_Pro_X-GT2560\Configuration.h">
      <Filter>Header Files</Filter>
    </ClInclude>
    <ClInclude Include="src\config\examples\Geeetech\Prusa i3 Pro B\bltouch\Configuration.h">
      <Filter>Header Files</Filter>
    </ClInclude>
    <ClInclude Include="src\config\examples\Geeetech\Prusa i3 Pro B\noprobe\Configuration.h">
      <Filter>Header Files</Filter>
    </ClInclude>
    <ClInclude Include="src\config\examples\Geeetech\Prusa i3 Pro C\Configuration.h">
      <Filter>Header Files</Filter>
    </ClInclude>
    <ClInclude Include="src\config\examples\Geeetech\Prusa i3 Pro C\Configuration_adv.h">
      <Filter>Header Files</Filter>
    </ClInclude>
    <ClInclude Include="src\config\examples\Geeetech\Prusa i3 Pro W\Configuration.h">
      <Filter>Header Files</Filter>
    </ClInclude>
    <ClInclude Include="src\config\examples\Geeetech\Prusa i3 Pro W\Configuration_adv.h">
      <Filter>Header Files</Filter>
    </ClInclude>
    <ClInclude Include="src\config\examples\Infitary\i3-M508\Configuration.h">
      <Filter>Header Files</Filter>
    </ClInclude>
    <ClInclude Include="src\config\examples\Infitary\i3-M508\Configuration_adv.h">
      <Filter>Header Files</Filter>
    </ClInclude>
    <ClInclude Include="src\config\examples\JGAurora\A5\Configuration.h">
      <Filter>Header Files</Filter>
    </ClInclude>
    <ClInclude Include="src\config\examples\JGAurora\A5\Configuration_adv.h">
      <Filter>Header Files</Filter>
    </ClInclude>
    <ClInclude Include="src\config\examples\MakerParts\Configuration.h">
      <Filter>Header Files</Filter>
    </ClInclude>
    <ClInclude Include="src\config\examples\MakerParts\Configuration_adv.h">
      <Filter>Header Files</Filter>
    </ClInclude>
    <ClInclude Include="src\config\examples\MakerParts\_Bootscreen.h">
      <Filter>Header Files</Filter>
    </ClInclude>
    <ClInclude Include="src\config\examples\makibox\Configuration.h">
      <Filter>Header Files</Filter>
    </ClInclude>
    <ClInclude Include="src\config\examples\makibox\Configuration_adv.h">
      <Filter>Header Files</Filter>
    </ClInclude>
    <ClInclude Include="src\config\examples\Malyan\M150\Configuration.h">
      <Filter>Header Files</Filter>
    </ClInclude>
    <ClInclude Include="src\config\examples\Malyan\M150\Configuration_adv.h">
      <Filter>Header Files</Filter>
    </ClInclude>
    <ClInclude Include="src\config\examples\Malyan\M150\_Bootscreen.h">
      <Filter>Header Files</Filter>
    </ClInclude>
    <ClInclude Include="src\config\examples\Malyan\M200\Configuration.h">
      <Filter>Header Files</Filter>
    </ClInclude>
    <ClInclude Include="src\config\examples\Malyan\M200\Configuration_adv.h">
      <Filter>Header Files</Filter>
    </ClInclude>
    <ClInclude Include="src\config\examples\Micromake\C1\basic\Configuration.h">
      <Filter>Header Files</Filter>
    </ClInclude>
    <ClInclude Include="src\config\examples\Micromake\C1\enhanced\Configuration.h">
      <Filter>Header Files</Filter>
    </ClInclude>
    <ClInclude Include="src\config\examples\Micromake\C1\enhanced\Configuration_adv.h">
      <Filter>Header Files</Filter>
    </ClInclude>
    <ClInclude Include="src\config\examples\Mks\Sbase\Configuration.h">
      <Filter>Header Files</Filter>
    </ClInclude>
    <ClInclude Include="src\config\examples\Mks\Sbase\Configuration_adv.h">
      <Filter>Header Files</Filter>
    </ClInclude>
    <ClInclude Include="src\config\examples\RepRapPro\Huxley\Configuration.h">
      <Filter>Header Files</Filter>
    </ClInclude>
    <ClInclude Include="src\config\examples\RepRapWorld\Megatronics\Configuration.h">
      <Filter>Header Files</Filter>
    </ClInclude>
    <ClInclude Include="src\config\examples\RigidBot\Configuration.h">
      <Filter>Header Files</Filter>
    </ClInclude>
    <ClInclude Include="src\config\examples\RigidBot\Configuration_adv.h">
      <Filter>Header Files</Filter>
    </ClInclude>
    <ClInclude Include="src\config\examples\Sanguinololu\Configuration.h">
      <Filter>Header Files</Filter>
    </ClInclude>
    <ClInclude Include="src\config\examples\Sanguinololu\Configuration_adv.h">
      <Filter>Header Files</Filter>
    </ClInclude>
    <ClInclude Include="src\config\examples\SCARA\Configuration.h">
      <Filter>Header Files</Filter>
    </ClInclude>
    <ClInclude Include="src\config\examples\SCARA\Configuration_adv.h">
      <Filter>Header Files</Filter>
    </ClInclude>
    <ClInclude Include="src\config\examples\STM32F10\Configuration.h">
      <Filter>Header Files</Filter>
    </ClInclude>
    <ClInclude Include="src\config\examples\stm32f103ret6\Configuration.h">
      <Filter>Header Files</Filter>
    </ClInclude>
    <ClInclude Include="src\config\examples\STM32F4\Configuration.h">
      <Filter>Header Files</Filter>
    </ClInclude>
    <ClInclude Include="src\config\examples\TheBorg\Configuration.h">
      <Filter>Header Files</Filter>
    </ClInclude>
    <ClInclude Include="src\config\examples\TheBorg\Configuration_adv.h">
      <Filter>Header Files</Filter>
    </ClInclude>
    <ClInclude Include="src\config\examples\TinyBoy2\Configuration.h">
      <Filter>Header Files</Filter>
    </ClInclude>
    <ClInclude Include="src\config\examples\TinyBoy2\Configuration_adv.h">
      <Filter>Header Files</Filter>
    </ClInclude>
    <ClInclude Include="src\config\examples\Tronxy\X1\Configuration.h">
      <Filter>Header Files</Filter>
    </ClInclude>
    <ClInclude Include="src\config\examples\Tronxy\X5S\Configuration.h">
      <Filter>Header Files</Filter>
    </ClInclude>
    <ClInclude Include="src\config\examples\Tronxy\XY100\Configuration.h">
      <Filter>Header Files</Filter>
    </ClInclude>
    <ClInclude Include="src\config\examples\tvrrug\Round2\Configuration.h">
      <Filter>Header Files</Filter>
    </ClInclude>
    <ClInclude Include="src\config\examples\tvrrug\Round2\Configuration_adv.h">
      <Filter>Header Files</Filter>
    </ClInclude>
    <ClInclude Include="src\config\examples\UltiMachine\Archim2\Configuration.h">
      <Filter>Header Files</Filter>
    </ClInclude>
    <ClInclude Include="src\config\examples\UltiMachine\Archim2\Configuration_adv.h">
      <Filter>Header Files</Filter>
    </ClInclude>
    <ClInclude Include="src\config\examples\Velleman\K8200\Configuration.h">
      <Filter>Header Files</Filter>
    </ClInclude>
    <ClInclude Include="src\config\examples\Velleman\K8200\Configuration_adv.h">
      <Filter>Header Files</Filter>
    </ClInclude>
    <ClInclude Include="src\config\examples\Velleman\K8400\Configuration.h">
      <Filter>Header Files</Filter>
    </ClInclude>
    <ClInclude Include="src\config\examples\Velleman\K8400\Configuration_adv.h">
      <Filter>Header Files</Filter>
    </ClInclude>
    <ClInclude Include="src\config\examples\Velleman\K8400\Dual-head\Configuration.h">
      <Filter>Header Files</Filter>
    </ClInclude>
    <ClInclude Include="src\config\examples\Wanhao\Duplicator 6\Configuration.h">
      <Filter>Header Files</Filter>
    </ClInclude>
    <ClInclude Include="src\config\examples\Wanhao\Duplicator 6\Configuration_adv.h">
      <Filter>Header Files</Filter>
    </ClInclude>
    <ClInclude Include="src\config\examples\wt150\Configuration.h">
      <Filter>Header Files</Filter>
    </ClInclude>
    <ClInclude Include="src\config\examples\wt150\Configuration_adv.h">
      <Filter>Header Files</Filter>
    </ClInclude>
    <ClInclude Include="src\core\boards.h">
      <Filter>Header Files</Filter>
    </ClInclude>
    <ClInclude Include="src\core\enum.h">
      <Filter>Header Files</Filter>
    </ClInclude>
    <ClInclude Include="src\core\language.h">
      <Filter>Header Files</Filter>
    </ClInclude>
    <ClInclude Include="src\core\macros.h">
      <Filter>Header Files</Filter>
    </ClInclude>
    <ClInclude Include="src\core\serial.h">
      <Filter>Header Files</Filter>
    </ClInclude>
    <ClInclude Include="src\core\types.h">
      <Filter>Header Files</Filter>
    </ClInclude>
    <ClInclude Include="src\core\utility.h">
      <Filter>Header Files</Filter>
    </ClInclude>
    <ClInclude Include="src\feature\baricuda.h">
      <Filter>Header Files</Filter>
    </ClInclude>
    <ClInclude Include="src\feature\caselight.h">
      <Filter>Header Files</Filter>
    </ClInclude>
    <ClInclude Include="src\feature\controllerfan.h">
      <Filter>Header Files</Filter>
    </ClInclude>
    <ClInclude Include="src\feature\emergency_parser.h">
      <Filter>Header Files</Filter>
    </ClInclude>
    <ClInclude Include="src\feature\fanmux.h">
      <Filter>Header Files</Filter>
    </ClInclude>
    <ClInclude Include="src\feature\filwidth.h">
      <Filter>Header Files</Filter>
    </ClInclude>
    <ClInclude Include="src\feature\fwretract.h">
      <Filter>Header Files</Filter>
    </ClInclude>
    <ClInclude Include="src\feature\I2CPositionEncoder.h">
      <Filter>Header Files</Filter>
    </ClInclude>
    <ClInclude Include="src\feature\Max7219_Debug_LEDs.h">
      <Filter>Header Files</Filter>
    </ClInclude>
    <ClInclude Include="src\feature\mixing.h">
      <Filter>Header Files</Filter>
    </ClInclude>
    <ClInclude Include="src\feature\pause.h">
      <Filter>Header Files</Filter>
    </ClInclude>
    <ClInclude Include="src\feature\power.h">
      <Filter>Header Files</Filter>
    </ClInclude>
    <ClInclude Include="src\feature\power_loss_recovery.h">
      <Filter>Header Files</Filter>
    </ClInclude>
    <ClInclude Include="src\feature\runout.h">
      <Filter>Header Files</Filter>
    </ClInclude>
    <ClInclude Include="src\feature\snmm.h">
      <Filter>Header Files</Filter>
    </ClInclude>
    <ClInclude Include="src\feature\solenoid.h">
      <Filter>Header Files</Filter>
    </ClInclude>
    <ClInclude Include="src\feature\tmc_util.h">
      <Filter>Header Files</Filter>
    </ClInclude>
    <ClInclude Include="src\feature\twibus.h">
      <Filter>Header Files</Filter>
    </ClInclude>
    <ClInclude Include="src\feature\bedlevel\bedlevel.h">
      <Filter>Header Files</Filter>
    </ClInclude>
    <ClInclude Include="src\feature\bedlevel\abl\abl.h">
      <Filter>Header Files</Filter>
    </ClInclude>
    <ClInclude Include="src\feature\bedlevel\mbl\mesh_bed_leveling.h">
      <Filter>Header Files</Filter>
    </ClInclude>
    <ClInclude Include="src\feature\bedlevel\ubl\ubl.h">
      <Filter>Header Files</Filter>
    </ClInclude>
    <ClInclude Include="src\feature\dac\dac_dac084s085.h">
      <Filter>Header Files</Filter>
    </ClInclude>
    <ClInclude Include="src\feature\dac\dac_mcp4728.h">
      <Filter>Header Files</Filter>
    </ClInclude>
    <ClInclude Include="src\feature\dac\stepper_dac.h">
      <Filter>Header Files</Filter>
    </ClInclude>
    <ClInclude Include="src\feature\digipot\digipot.h">
      <Filter>Header Files</Filter>
    </ClInclude>
    <ClInclude Include="src\feature\leds\blinkm.h">
      <Filter>Header Files</Filter>
    </ClInclude>
    <ClInclude Include="src\feature\leds\leds.h">
      <Filter>Header Files</Filter>
    </ClInclude>
    <ClInclude Include="src\feature\leds\neopixel.h">
      <Filter>Header Files</Filter>
    </ClInclude>
    <ClInclude Include="src\feature\leds\pca9632.h">
      <Filter>Header Files</Filter>
    </ClInclude>
    <ClInclude Include="src\feature\leds\tempstat.h">
      <Filter>Header Files</Filter>
    </ClInclude>
    <ClInclude Include="src\gcode\gcode.h">
      <Filter>Header Files</Filter>
    </ClInclude>
    <ClInclude Include="src\gcode\parser.h">
      <Filter>Header Files</Filter>
    </ClInclude>
    <ClInclude Include="src\gcode\queue.h">
      <Filter>Header Files</Filter>
    </ClInclude>
    <ClInclude Include="src\HAL\Delay.h">
      <Filter>Header Files</Filter>
    </ClInclude>
    <ClInclude Include="src\HAL\HAL_SPI.h">
      <Filter>Header Files</Filter>
    </ClInclude>
    <ClInclude Include="src\HAL\math_32bit.h">
      <Filter>Header Files</Filter>
    </ClInclude>
    <ClInclude Include="src\HAL\persistent_store_api.h">
      <Filter>Header Files</Filter>
    </ClInclude>
    <ClInclude Include="src\HAL\platforms.h">
      <Filter>Header Files</Filter>
    </ClInclude>
    <ClInclude Include="src\HAL\servo.h">
      <Filter>Header Files</Filter>
    </ClInclude>
    <ClInclude Include="src\HAL\servo_private.h">
      <Filter>Header Files</Filter>
    </ClInclude>
    <ClInclude Include="src\HAL\backtrace\backtrace.h">
      <Filter>Header Files</Filter>
    </ClInclude>
    <ClInclude Include="src\HAL\backtrace\unwarm.h">
      <Filter>Header Files</Filter>
    </ClInclude>
    <ClInclude Include="src\HAL\backtrace\unwarmbytab.h">
      <Filter>Header Files</Filter>
    </ClInclude>
    <ClInclude Include="src\HAL\backtrace\unwarmmem.h">
      <Filter>Header Files</Filter>
    </ClInclude>
    <ClInclude Include="src\HAL\backtrace\unwinder.h">
      <Filter>Header Files</Filter>
    </ClInclude>
    <ClInclude Include="src\HAL\backtrace\unwmemaccess.h">
      <Filter>Header Files</Filter>
    </ClInclude>
    <ClInclude Include="src\HAL\HAL_AVR\endstop_interrupts.h">
      <Filter>Header Files</Filter>
    </ClInclude>
    <ClInclude Include="src\HAL\HAL_AVR\fastio_1280.h">
      <Filter>Header Files</Filter>
    </ClInclude>
    <ClInclude Include="src\HAL\HAL_AVR\fastio_1281.h">
      <Filter>Header Files</Filter>
    </ClInclude>
    <ClInclude Include="src\HAL\HAL_AVR\fastio_168.h">
      <Filter>Header Files</Filter>
    </ClInclude>
    <ClInclude Include="src\HAL\HAL_AVR\fastio_644.h">
      <Filter>Header Files</Filter>
    </ClInclude>
    <ClInclude Include="src\HAL\HAL_AVR\fastio_AT90USB.h">
      <Filter>Header Files</Filter>
    </ClInclude>
    <ClInclude Include="src\HAL\HAL_AVR\fastio_AVR.h">
      <Filter>Header Files</Filter>
    </ClInclude>
    <ClInclude Include="src\HAL\HAL_AVR\HAL.h">
      <Filter>Header Files</Filter>
    </ClInclude>
    <ClInclude Include="src\HAL\HAL_AVR\MarlinSerial.h">
      <Filter>Header Files</Filter>
    </ClInclude>
    <ClInclude Include="src\HAL\HAL_AVR\math_AVR.h">
      <Filter>Header Files</Filter>
    </ClInclude>
    <ClInclude Include="src\HAL\HAL_AVR\pinsDebug.h">
      <Filter>Header Files</Filter>
    </ClInclude>
    <ClInclude Include="src\HAL\HAL_AVR\pinsDebug_plus_70.h">
      <Filter>Header Files</Filter>
    </ClInclude>
    <ClInclude Include="src\HAL\HAL_AVR\pinsDebug_Teensyduino.h">
      <Filter>Header Files</Filter>
    </ClInclude>
    <ClInclude Include="src\HAL\HAL_AVR\SanityCheck.h">
      <Filter>Header Files</Filter>
    </ClInclude>
    <ClInclude Include="src\HAL\HAL_AVR\ServoTimers.h">
      <Filter>Header Files</Filter>
    </ClInclude>
    <ClInclude Include="src\HAL\HAL_AVR\spi_pins.h">
      <Filter>Header Files</Filter>
    </ClInclude>
    <ClInclude Include="src\HAL\HAL_AVR\watchdog_AVR.h">
      <Filter>Header Files</Filter>
    </ClInclude>
    <ClInclude Include="src\HAL\HAL_DUE\endstop_interrupts.h">
      <Filter>Header Files</Filter>
    </ClInclude>
    <ClInclude Include="src\HAL\HAL_DUE\fastio_Due.h">
      <Filter>Header Files</Filter>
    </ClInclude>
    <ClInclude Include="src\HAL\HAL_DUE\HAL.h">
      <Filter>Header Files</Filter>
    </ClInclude>
    <ClInclude Include="src\HAL\HAL_DUE\HAL_timers_Due.h">
      <Filter>Header Files</Filter>
    </ClInclude>
    <ClInclude Include="src\HAL\HAL_DUE\InterruptVectors_Due.h">
      <Filter>Header Files</Filter>
    </ClInclude>
    <ClInclude Include="src\HAL\HAL_DUE\MarlinSerialUSB_Due.h">
      <Filter>Header Files</Filter>
    </ClInclude>
    <ClInclude Include="src\HAL\HAL_DUE\MarlinSerial_Due.h">
      <Filter>Header Files</Filter>
    </ClInclude>
    <ClInclude Include="src\HAL\HAL_DUE\pinsDebug.h">
      <Filter>Header Files</Filter>
    </ClInclude>
    <ClInclude Include="src\HAL\HAL_DUE\SanityCheck.h">
      <Filter>Header Files</Filter>
    </ClInclude>
    <ClInclude Include="src\HAL\HAL_DUE\ServoTimers.h">
      <Filter>Header Files</Filter>
    </ClInclude>
    <ClInclude Include="src\HAL\HAL_DUE\spi_pins.h">
      <Filter>Header Files</Filter>
    </ClInclude>
    <ClInclude Include="src\HAL\HAL_DUE\watchdog_Due.h">
      <Filter>Header Files</Filter>
    </ClInclude>
    <ClInclude Include="src\HAL\HAL_DUE\usb\arduino_due_x.h">
      <Filter>Header Files</Filter>
    </ClInclude>
    <ClInclude Include="src\HAL\HAL_DUE\usb\compiler.h">
      <Filter>Header Files</Filter>
    </ClInclude>
    <ClInclude Include="src\HAL\HAL_DUE\usb\conf_access.h">
      <Filter>Header Files</Filter>
    </ClInclude>
    <ClInclude Include="src\HAL\HAL_DUE\usb\conf_clock.h">
      <Filter>Header Files</Filter>
    </ClInclude>
    <ClInclude Include="src\HAL\HAL_DUE\usb\conf_usb.h">
      <Filter>Header Files</Filter>
    </ClInclude>
    <ClInclude Include="src\HAL\HAL_DUE\usb\ctrl_access.h">
      <Filter>Header Files</Filter>
    </ClInclude>
    <ClInclude Include="src\HAL\HAL_DUE\usb\genclk.h">
      <Filter>Header Files</Filter>
    </ClInclude>
    <ClInclude Include="src\HAL\HAL_DUE\usb\mrepeat.h">
      <Filter>Header Files</Filter>
    </ClInclude>
    <ClInclude Include="src\HAL\HAL_DUE\usb\osc.h">
      <Filter>Header Files</Filter>
    </ClInclude>
    <ClInclude Include="src\HAL\HAL_DUE\usb\pll.h">
      <Filter>Header Files</Filter>
    </ClInclude>
    <ClInclude Include="src\HAL\HAL_DUE\usb\preprocessor.h">
      <Filter>Header Files</Filter>
    </ClInclude>
    <ClInclude Include="src\HAL\HAL_DUE\usb\sbc_protocol.h">
      <Filter>Header Files</Filter>
    </ClInclude>
    <ClInclude Include="src\HAL\HAL_DUE\usb\sd_mmc_spi_mem.h">
      <Filter>Header Files</Filter>
    </ClInclude>
    <ClInclude Include="src\HAL\HAL_DUE\usb\spc_protocol.h">
      <Filter>Header Files</Filter>
    </ClInclude>
    <ClInclude Include="src\HAL\HAL_DUE\usb\stringz.h">
      <Filter>Header Files</Filter>
    </ClInclude>
    <ClInclude Include="src\HAL\HAL_DUE\usb\sysclk.h">
      <Filter>Header Files</Filter>
    </ClInclude>
    <ClInclude Include="src\HAL\HAL_DUE\usb\tpaste.h">
      <Filter>Header Files</Filter>
    </ClInclude>
    <ClInclude Include="src\HAL\HAL_DUE\usb\udc.h">
      <Filter>Header Files</Filter>
    </ClInclude>
    <ClInclude Include="src\HAL\HAL_DUE\usb\udc_desc.h">
      <Filter>Header Files</Filter>
    </ClInclude>
    <ClInclude Include="src\HAL\HAL_DUE\usb\udd.h">
      <Filter>Header Files</Filter>
    </ClInclude>
    <ClInclude Include="src\HAL\HAL_DUE\usb\udi.h">
      <Filter>Header Files</Filter>
    </ClInclude>
    <ClInclude Include="src\HAL\HAL_DUE\usb\udi_cdc.h">
      <Filter>Header Files</Filter>
    </ClInclude>
    <ClInclude Include="src\HAL\HAL_DUE\usb\udi_cdc_conf.h">
      <Filter>Header Files</Filter>
    </ClInclude>
    <ClInclude Include="src\HAL\HAL_DUE\usb\udi_msc.h">
      <Filter>Header Files</Filter>
    </ClInclude>
    <ClInclude Include="src\HAL\HAL_DUE\usb\uotghs_device_due.h">
      <Filter>Header Files</Filter>
    </ClInclude>
    <ClInclude Include="src\HAL\HAL_DUE\usb\uotghs_otg.h">
      <Filter>Header Files</Filter>
    </ClInclude>
    <ClInclude Include="src\HAL\HAL_DUE\usb\usb_protocol.h">
      <Filter>Header Files</Filter>
    </ClInclude>
    <ClInclude Include="src\HAL\HAL_DUE\usb\usb_protocol_cdc.h">
      <Filter>Header Files</Filter>
    </ClInclude>
    <ClInclude Include="src\HAL\HAL_DUE\usb\usb_protocol_msc.h">
      <Filter>Header Files</Filter>
    </ClInclude>
    <ClInclude Include="src\HAL\HAL_DUE\usb\usb_task.h">
      <Filter>Header Files</Filter>
    </ClInclude>
    <ClInclude Include="src\HAL\HAL_LPC1768\endstop_interrupts.h">
      <Filter>Header Files</Filter>
    </ClInclude>
    <ClInclude Include="src\HAL\HAL_LPC1768\fastio.h">
      <Filter>Header Files</Filter>
    </ClInclude>
    <ClInclude Include="src\HAL\HAL_LPC1768\HAL.h">
      <Filter>Header Files</Filter>
    </ClInclude>
    <ClInclude Include="src\HAL\HAL_LPC1768\HAL_temp.h">
      <Filter>Header Files</Filter>
    </ClInclude>
    <ClInclude Include="src\HAL\HAL_LPC1768\HAL_timers.h">
      <Filter>Header Files</Filter>
    </ClInclude>
    <ClInclude Include="src\HAL\HAL_LPC1768\HardwareSerial.h">
      <Filter>Header Files</Filter>
    </ClInclude>
    <ClInclude Include="src\HAL\HAL_LPC1768\LPC1768_PWM.h">
      <Filter>Header Files</Filter>
    </ClInclude>
    <ClInclude Include="src\HAL\HAL_LPC1768\LPC1768_Servo.h">
      <Filter>Header Files</Filter>
    </ClInclude>
    <ClInclude Include="src\HAL\HAL_LPC1768\pinsDebug.h">
      <Filter>Header Files</Filter>
    </ClInclude>
    <ClInclude Include="src\HAL\HAL_LPC1768\SanityCheck.h">
      <Filter>Header Files</Filter>
    </ClInclude>
    <ClInclude Include="src\HAL\HAL_LPC1768\servo_private.h">
      <Filter>Header Files</Filter>
    </ClInclude>
    <ClInclude Include="src\HAL\HAL_LPC1768\SoftwareSerial.h">
      <Filter>Header Files</Filter>
    </ClInclude>
    <ClInclude Include="src\HAL\HAL_LPC1768\SoftwareSPI.h">
      <Filter>Header Files</Filter>
    </ClInclude>
    <ClInclude Include="src\HAL\HAL_LPC1768\spi_pins.h">
      <Filter>Header Files</Filter>
    </ClInclude>
    <ClInclude Include="src\HAL\HAL_LPC1768\watchdog.h">
      <Filter>Header Files</Filter>
    </ClInclude>
    <ClInclude Include="src\HAL\HAL_LPC1768\include\Arduino.h">
      <Filter>Header Files</Filter>
    </ClInclude>
    <ClInclude Include="src\HAL\HAL_LPC1768\include\digipot_mcp4451_I2C_routines.h">
      <Filter>Header Files</Filter>
    </ClInclude>
    <ClInclude Include="src\HAL\HAL_LPC1768\include\pinmapping.h">
      <Filter>Header Files</Filter>
    </ClInclude>
    <ClInclude Include="src\HAL\HAL_LPC1768\include\serial.h">
      <Filter>Header Files</Filter>
    </ClInclude>
    <ClInclude Include="src\HAL\HAL_LPC1768\include\SPI.h">
      <Filter>Header Files</Filter>
    </ClInclude>
    <ClInclude Include="src\HAL\HAL_LPC1768\include\Wire.h">
      <Filter>Header Files</Filter>
    </ClInclude>
    <ClInclude Include="src\HAL\HAL_LPC1768\u8g\HAL_LCD_defines.h">
      <Filter>Header Files</Filter>
    </ClInclude>
    <ClInclude Include="src\HAL\HAL_LPC1768\u8g\HAL_LCD_delay.h">
      <Filter>Header Files</Filter>
    </ClInclude>
    <ClInclude Include="src\HAL\HAL_LPC1768\u8g\HAL_LCD_I2C_routines.h">
      <Filter>Header Files</Filter>
    </ClInclude>
    <ClInclude Include="src\HAL\HAL_LPC1768\u8g\HAL_LCD_pin_routines.h">
      <Filter>Header Files</Filter>
    </ClInclude>
    <ClInclude Include="src\HAL\HAL_STM32F1\endstop_interrupts.h">
      <Filter>Header Files</Filter>
    </ClInclude>
    <ClInclude Include="src\HAL\HAL_STM32F1\fastio_Stm32f1.h">
      <Filter>Header Files</Filter>
    </ClInclude>
    <ClInclude Include="src\HAL\HAL_STM32F1\HAL.h">
      <Filter>Header Files</Filter>
    </ClInclude>
    <ClInclude Include="src\HAL\HAL_STM32F1\HAL_Servo_Stm32f1.h">
      <Filter>Header Files</Filter>
    </ClInclude>
    <ClInclude Include="src\HAL\HAL_STM32F1\HAL_timers_Stm32f1.h">
      <Filter>Header Files</Filter>
    </ClInclude>
    <ClInclude Include="src\HAL\HAL_STM32F1\pinsDebug.h">
      <Filter>Header Files</Filter>
    </ClInclude>
    <ClInclude Include="src\HAL\HAL_STM32F1\SanityCheck.h">
      <Filter>Header Files</Filter>
    </ClInclude>
    <ClInclude Include="src\HAL\HAL_STM32F1\spi_pins.h">
      <Filter>Header Files</Filter>
    </ClInclude>
    <ClInclude Include="src\HAL\HAL_STM32F1\watchdog_Stm32f1.h">
      <Filter>Header Files</Filter>
    </ClInclude>
    <ClInclude Include="src\HAL\HAL_STM32F4\endstop_interrupts.h">
      <Filter>Header Files</Filter>
    </ClInclude>
    <ClInclude Include="src\HAL\HAL_STM32F4\fastio_STM32F4.h">
      <Filter>Header Files</Filter>
    </ClInclude>
    <ClInclude Include="src\HAL\HAL_STM32F4\HAL.h">
      <Filter>Header Files</Filter>
    </ClInclude>
    <ClInclude Include="src\HAL\HAL_STM32F4\HAL_Servo_STM32F4.h">
      <Filter>Header Files</Filter>
    </ClInclude>
    <ClInclude Include="src\HAL\HAL_STM32F4\HAL_timers_STM32F4.h">
      <Filter>Header Files</Filter>
    </ClInclude>
    <ClInclude Include="src\HAL\HAL_STM32F4\pinsDebug.h">
      <Filter>Header Files</Filter>
    </ClInclude>
    <ClInclude Include="src\HAL\HAL_STM32F4\SanityCheck.h">
      <Filter>Header Files</Filter>
    </ClInclude>
    <ClInclude Include="src\HAL\HAL_STM32F4\spi_pins.h">
      <Filter>Header Files</Filter>
    </ClInclude>
    <ClInclude Include="src\HAL\HAL_STM32F4\watchdog_STM32F4.h">
      <Filter>Header Files</Filter>
    </ClInclude>
    <ClInclude Include="src\HAL\HAL_STM32F4\EEPROM_Emul\eeprom_emul.h">
      <Filter>Header Files</Filter>
    </ClInclude>
    <ClInclude Include="src\HAL\HAL_STM32F7\endstop_interrupts.h">
      <Filter>Header Files</Filter>
    </ClInclude>
    <ClInclude Include="src\HAL\HAL_STM32F7\fastio_STM32F7.h">
      <Filter>Header Files</Filter>
    </ClInclude>
    <ClInclude Include="src\HAL\HAL_STM32F7\HAL.h">
      <Filter>Header Files</Filter>
    </ClInclude>
    <ClInclude Include="src\HAL\HAL_STM32F7\HAL_Servo_STM32F7.h">
      <Filter>Header Files</Filter>
    </ClInclude>
    <ClInclude Include="src\HAL\HAL_STM32F7\HAL_timers_STM32F7.h">
      <Filter>Header Files</Filter>
    </ClInclude>
    <ClInclude Include="src\HAL\HAL_STM32F7\pinsDebug.h">
      <Filter>Header Files</Filter>
    </ClInclude>
    <ClInclude Include="src\HAL\HAL_STM32F7\SanityCheck.h">
      <Filter>Header Files</Filter>
    </ClInclude>
    <ClInclude Include="src\HAL\HAL_STM32F7\spi_pins.h">
      <Filter>Header Files</Filter>
    </ClInclude>
    <ClInclude Include="src\HAL\HAL_STM32F7\TMC2660.h">
      <Filter>Header Files</Filter>
    </ClInclude>
    <ClInclude Include="src\HAL\HAL_STM32F7\watchdog_STM32F7.h">
      <Filter>Header Files</Filter>
    </ClInclude>
    <ClInclude Include="src\HAL\HAL_STM32F7\EEPROM_Emul\eeprom_emul.h">
      <Filter>Header Files</Filter>
    </ClInclude>
    <ClInclude Include="src\HAL\HAL_TEENSY35_36\endstop_interrupts.h">
      <Filter>Header Files</Filter>
    </ClInclude>
    <ClInclude Include="src\HAL\HAL_TEENSY35_36\fastio_Teensy.h">
      <Filter>Header Files</Filter>
    </ClInclude>
    <ClInclude Include="src\HAL\HAL_TEENSY35_36\HAL.h">
      <Filter>Header Files</Filter>
    </ClInclude>
    <ClInclude Include="src\HAL\HAL_TEENSY35_36\HAL_Servo_Teensy.h">
      <Filter>Header Files</Filter>
    </ClInclude>
    <ClInclude Include="src\HAL\HAL_TEENSY35_36\HAL_timers_Teensy.h">
      <Filter>Header Files</Filter>
    </ClInclude>
    <ClInclude Include="src\HAL\HAL_TEENSY35_36\pinsDebug.h">
      <Filter>Header Files</Filter>
    </ClInclude>
    <ClInclude Include="src\HAL\HAL_TEENSY35_36\SanityCheck.h">
      <Filter>Header Files</Filter>
    </ClInclude>
    <ClInclude Include="src\HAL\HAL_TEENSY35_36\spi_pins.h">
      <Filter>Header Files</Filter>
    </ClInclude>
    <ClInclude Include="src\HAL\HAL_TEENSY35_36\watchdog_Teensy.h">
      <Filter>Header Files</Filter>
    </ClInclude>
    <ClInclude Include="src\inc\Conditionals_adv.h">
      <Filter>Header Files</Filter>
    </ClInclude>
    <ClInclude Include="src\inc\Conditionals_LCD.h">
      <Filter>Header Files</Filter>
    </ClInclude>
    <ClInclude Include="src\inc\Conditionals_post.h">
      <Filter>Header Files</Filter>
    </ClInclude>
    <ClInclude Include="src\inc\MarlinConfig.h">
      <Filter>Header Files</Filter>
    </ClInclude>
    <ClInclude Include="src\inc\MarlinConfigPre.h">
      <Filter>Header Files</Filter>
    </ClInclude>
    <ClInclude Include="src\inc\SanityCheck.h">
      <Filter>Header Files</Filter>
    </ClInclude>
    <ClInclude Include="src\inc\Version.h">
      <Filter>Header Files</Filter>
    </ClInclude>
    <ClInclude Include="src\lcd\fontutils.h">
      <Filter>Header Files</Filter>
    </ClInclude>
    <ClInclude Include="src\lcd\lcdprint.h">
      <Filter>Header Files</Filter>
    </ClInclude>
    <ClInclude Include="src\lcd\thermistornames.h">
      <Filter>Header Files</Filter>
    </ClInclude>
    <ClInclude Include="src\lcd\u8g_fontutf8.h">
      <Filter>Header Files</Filter>
    </ClInclude>
    <ClInclude Include="src\lcd\ultralcd.h">
      <Filter>Header Files</Filter>
    </ClInclude>
    <ClInclude Include="src\lcd\ultralcd_common_HD44780.h">
      <Filter>Header Files</Filter>
    </ClInclude>
    <ClInclude Include="src\lcd\ultralcd_impl_DOGM.h">
      <Filter>Header Files</Filter>
    </ClInclude>
    <ClInclude Include="src\lcd\ultralcd_impl_HD44780.h">
      <Filter>Header Files</Filter>
    </ClInclude>
    <ClInclude Include="src\lcd\dogm\dogm_bitmaps.h">
      <Filter>Header Files</Filter>
    </ClInclude>
    <ClInclude Include="src\lcd\dogm\dogm_font_data_6x9_marlin.h">
      <Filter>Header Files</Filter>
    </ClInclude>
    <ClInclude Include="src\lcd\dogm\dogm_font_data_ISO10646_1.h">
      <Filter>Header Files</Filter>
    </ClInclude>
    <ClInclude Include="src\lcd\dogm\HAL_LCD_class_defines.h">
      <Filter>Header Files</Filter>
    </ClInclude>
    <ClInclude Include="src\lcd\dogm\HAL_LCD_com_defines.h">
      <Filter>Header Files</Filter>
    </ClInclude>
    <ClInclude Include="src\lcd\dogm\language_data_an.h">
      <Filter>Header Files</Filter>
    </ClInclude>
    <ClInclude Include="src\lcd\dogm\language_data_bg.h">
      <Filter>Header Files</Filter>
    </ClInclude>
    <ClInclude Include="src\lcd\dogm\language_data_ca.h">
      <Filter>Header Files</Filter>
    </ClInclude>
    <ClInclude Include="src\lcd\dogm\language_data_cz.h">
      <Filter>Header Files</Filter>
    </ClInclude>
    <ClInclude Include="src\lcd\dogm\language_data_da.h">
      <Filter>Header Files</Filter>
    </ClInclude>
    <ClInclude Include="src\lcd\dogm\language_data_de.h">
      <Filter>Header Files</Filter>
    </ClInclude>
    <ClInclude Include="src\lcd\dogm\language_data_el-gr.h">
      <Filter>Header Files</Filter>
    </ClInclude>
    <ClInclude Include="src\lcd\dogm\language_data_el.h">
      <Filter>Header Files</Filter>
    </ClInclude>
    <ClInclude Include="src\lcd\dogm\language_data_en.h">
      <Filter>Header Files</Filter>
    </ClInclude>
    <ClInclude Include="src\lcd\dogm\language_data_es.h">
      <Filter>Header Files</Filter>
    </ClInclude>
    <ClInclude Include="src\lcd\dogm\language_data_eu.h">
      <Filter>Header Files</Filter>
    </ClInclude>
    <ClInclude Include="src\lcd\dogm\language_data_fi.h">
      <Filter>Header Files</Filter>
    </ClInclude>
    <ClInclude Include="src\lcd\dogm\language_data_fr.h">
      <Filter>Header Files</Filter>
    </ClInclude>
    <ClInclude Include="src\lcd\dogm\language_data_gl.h">
      <Filter>Header Files</Filter>
    </ClInclude>
    <ClInclude Include="src\lcd\dogm\language_data_hr.h">
      <Filter>Header Files</Filter>
    </ClInclude>
    <ClInclude Include="src\lcd\dogm\language_data_it.h">
      <Filter>Header Files</Filter>
    </ClInclude>
    <ClInclude Include="src\lcd\dogm\language_data_jp-kana.h">
      <Filter>Header Files</Filter>
    </ClInclude>
    <ClInclude Include="src\lcd\dogm\language_data_nl.h">
      <Filter>Header Files</Filter>
    </ClInclude>
    <ClInclude Include="src\lcd\dogm\language_data_pl.h">
      <Filter>Header Files</Filter>
    </ClInclude>
    <ClInclude Include="src\lcd\dogm\language_data_pt-br.h">
      <Filter>Header Files</Filter>
    </ClInclude>
    <ClInclude Include="src\lcd\dogm\language_data_pt.h">
      <Filter>Header Files</Filter>
    </ClInclude>
    <ClInclude Include="src\lcd\dogm\language_data_ru.h">
      <Filter>Header Files</Filter>
    </ClInclude>
    <ClInclude Include="src\lcd\dogm\language_data_sk.h">
      <Filter>Header Files</Filter>
    </ClInclude>
    <ClInclude Include="src\lcd\dogm\language_data_test.h">
      <Filter>Header Files</Filter>
    </ClInclude>
    <ClInclude Include="src\lcd\dogm\language_data_tr.h">
      <Filter>Header Files</Filter>
    </ClInclude>
    <ClInclude Include="src\lcd\dogm\language_data_uk.h">
      <Filter>Header Files</Filter>
    </ClInclude>
    <ClInclude Include="src\lcd\dogm\language_data_zh_CN.h">
      <Filter>Header Files</Filter>
    </ClInclude>
    <ClInclude Include="src\lcd\dogm\language_data_zh_TW.h">
      <Filter>Header Files</Filter>
    </ClInclude>
    <ClInclude Include="src\lcd\dogm\status_screen_DOGM.h">
      <Filter>Header Files</Filter>
    </ClInclude>
    <ClInclude Include="src\lcd\dogm\status_screen_lite_ST7920.h">
      <Filter>Header Files</Filter>
    </ClInclude>
    <ClInclude Include="src\lcd\dogm\status_screen_lite_ST7920_class.h">
      <Filter>Header Files</Filter>
    </ClInclude>
    <ClInclude Include="src\lcd\dogm\status_screen_lite_ST7920_spi.h">
      <Filter>Header Files</Filter>
    </ClInclude>
    <ClInclude Include="src\lcd\language\language_an.h">
      <Filter>Header Files</Filter>
    </ClInclude>
    <ClInclude Include="src\lcd\language\language_bg.h">
      <Filter>Header Files</Filter>
    </ClInclude>
    <ClInclude Include="src\lcd\language\language_ca.h">
      <Filter>Header Files</Filter>
    </ClInclude>
    <ClInclude Include="src\lcd\language\language_cz.h">
      <Filter>Header Files</Filter>
    </ClInclude>
    <ClInclude Include="src\lcd\language\language_da.h">
      <Filter>Header Files</Filter>
    </ClInclude>
    <ClInclude Include="src\lcd\language\language_de.h">
      <Filter>Header Files</Filter>
    </ClInclude>
    <ClInclude Include="src\lcd\language\language_el-gr.h">
      <Filter>Header Files</Filter>
    </ClInclude>
    <ClInclude Include="src\lcd\language\language_el.h">
      <Filter>Header Files</Filter>
    </ClInclude>
    <ClInclude Include="src\lcd\language\language_en.h">
      <Filter>Header Files</Filter>
    </ClInclude>
    <ClInclude Include="src\lcd\language\language_es.h">
      <Filter>Header Files</Filter>
    </ClInclude>
    <ClInclude Include="src\lcd\language\language_eu.h">
      <Filter>Header Files</Filter>
    </ClInclude>
    <ClInclude Include="src\lcd\language\language_fi.h">
      <Filter>Header Files</Filter>
    </ClInclude>
    <ClInclude Include="src\lcd\language\language_fr.h">
      <Filter>Header Files</Filter>
    </ClInclude>
    <ClInclude Include="src\lcd\language\language_gl.h">
      <Filter>Header Files</Filter>
    </ClInclude>
    <ClInclude Include="src\lcd\language\language_hr.h">
      <Filter>Header Files</Filter>
    </ClInclude>
    <ClInclude Include="src\lcd\language\language_it.h">
      <Filter>Header Files</Filter>
    </ClInclude>
    <ClInclude Include="src\lcd\language\language_jp-kana.h">
      <Filter>Header Files</Filter>
    </ClInclude>
    <ClInclude Include="src\lcd\language\language_nl.h">
      <Filter>Header Files</Filter>
    </ClInclude>
    <ClInclude Include="src\lcd\language\language_pl.h">
      <Filter>Header Files</Filter>
    </ClInclude>
    <ClInclude Include="src\lcd\language\language_pt-br.h">
      <Filter>Header Files</Filter>
    </ClInclude>
    <ClInclude Include="src\lcd\language\language_pt.h">
      <Filter>Header Files</Filter>
    </ClInclude>
    <ClInclude Include="src\lcd\language\language_ru.h">
      <Filter>Header Files</Filter>
    </ClInclude>
    <ClInclude Include="src\lcd\language\language_sk.h">
      <Filter>Header Files</Filter>
    </ClInclude>
    <ClInclude Include="src\lcd\language\language_test.h">
      <Filter>Header Files</Filter>
    </ClInclude>
    <ClInclude Include="src\lcd\language\language_tr.h">
      <Filter>Header Files</Filter>
    </ClInclude>
    <ClInclude Include="src\lcd\language\language_uk.h">
      <Filter>Header Files</Filter>
    </ClInclude>
    <ClInclude Include="src\lcd\language\language_zh_CN.h">
      <Filter>Header Files</Filter>
    </ClInclude>
    <ClInclude Include="src\lcd\language\language_zh_TW.h">
      <Filter>Header Files</Filter>
    </ClInclude>
    <ClInclude Include="src\libs\buzzer.h">
      <Filter>Header Files</Filter>
    </ClInclude>
    <ClInclude Include="src\libs\circularqueue.h">
      <Filter>Header Files</Filter>
    </ClInclude>
    <ClInclude Include="src\libs\duration_t.h">
      <Filter>Header Files</Filter>
    </ClInclude>
    <ClInclude Include="src\libs\hex_print_routines.h">
      <Filter>Header Files</Filter>
    </ClInclude>
    <ClInclude Include="src\libs\least_squares_fit.h">
      <Filter>Header Files</Filter>
    </ClInclude>
    <ClInclude Include="src\libs\nozzle.h">
      <Filter>Header Files</Filter>
    </ClInclude>
    <ClInclude Include="src\libs\point_t.h">
      <Filter>Header Files</Filter>
    </ClInclude>
    <ClInclude Include="src\libs\private_spi.h">
      <Filter>Header Files</Filter>
    </ClInclude>
    <ClInclude Include="src\libs\softspi.h">
      <Filter>Header Files</Filter>
    </ClInclude>
    <ClInclude Include="src\libs\stopwatch.h">
      <Filter>Header Files</Filter>
    </ClInclude>
    <ClInclude Include="src\libs\vector_3.h">
      <Filter>Header Files</Filter>
    </ClInclude>
    <ClInclude Include="src\module\configuration_store.h">
      <Filter>Header Files</Filter>
    </ClInclude>
    <ClInclude Include="src\module\delta.h">
      <Filter>Header Files</Filter>
    </ClInclude>
    <ClInclude Include="src\module\endstops.h">
      <Filter>Header Files</Filter>
    </ClInclude>
    <ClInclude Include="src\module\motion.h">
      <Filter>Header Files</Filter>
    </ClInclude>
    <ClInclude Include="src\module\planner.h">
      <Filter>Header Files</Filter>
    </ClInclude>
    <ClInclude Include="src\module\planner_bezier.h">
      <Filter>Header Files</Filter>
    </ClInclude>
    <ClInclude Include="src\module\printcounter.h">
      <Filter>Header Files</Filter>
    </ClInclude>
    <ClInclude Include="src\module\probe.h">
      <Filter>Header Files</Filter>
    </ClInclude>
    <ClInclude Include="src\module\scara.h">
      <Filter>Header Files</Filter>
    </ClInclude>
    <ClInclude Include="src\module\servo.h">
      <Filter>Header Files</Filter>
    </ClInclude>
    <ClInclude Include="src\module\speed_lookuptable.h">
      <Filter>Header Files</Filter>
    </ClInclude>
    <ClInclude Include="src\module\stepper.h">
      <Filter>Header Files</Filter>
    </ClInclude>
    <ClInclude Include="src\module\stepper_indirection.h">
      <Filter>Header Files</Filter>
    </ClInclude>
    <ClInclude Include="src\module\temperature.h">
      <Filter>Header Files</Filter>
    </ClInclude>
    <ClInclude Include="src\module\tool_change.h">
      <Filter>Header Files</Filter>
    </ClInclude>
    <ClInclude Include="src\module\thermistor\thermistors.h">
      <Filter>Header Files</Filter>
    </ClInclude>
    <ClInclude Include="src\module\thermistor\thermistor_1.h">
      <Filter>Header Files</Filter>
    </ClInclude>
    <ClInclude Include="src\module\thermistor\thermistor_10.h">
      <Filter>Header Files</Filter>
    </ClInclude>
    <ClInclude Include="src\module\thermistor\thermistor_1010.h">
      <Filter>Header Files</Filter>
    </ClInclude>
    <ClInclude Include="src\module\thermistor\thermistor_1047.h">
      <Filter>Header Files</Filter>
    </ClInclude>
    <ClInclude Include="src\module\thermistor\thermistor_11.h">
      <Filter>Header Files</Filter>
    </ClInclude>
    <ClInclude Include="src\module\thermistor\thermistor_110.h">
      <Filter>Header Files</Filter>
    </ClInclude>
    <ClInclude Include="src\module\thermistor\thermistor_12.h">
      <Filter>Header Files</Filter>
    </ClInclude>
    <ClInclude Include="src\module\thermistor\thermistor_13.h">
      <Filter>Header Files</Filter>
    </ClInclude>
    <ClInclude Include="src\module\thermistor\thermistor_147.h">
      <Filter>Header Files</Filter>
    </ClInclude>
    <ClInclude Include="src\module\thermistor\thermistor_15.h">
      <Filter>Header Files</Filter>
    </ClInclude>
    <ClInclude Include="src\module\thermistor\thermistor_2.h">
      <Filter>Header Files</Filter>
    </ClInclude>
    <ClInclude Include="src\module\thermistor\thermistor_20.h">
      <Filter>Header Files</Filter>
    </ClInclude>
    <ClInclude Include="src\module\thermistor\thermistor_3.h">
      <Filter>Header Files</Filter>
    </ClInclude>
    <ClInclude Include="src\module\thermistor\thermistor_4.h">
      <Filter>Header Files</Filter>
    </ClInclude>
    <ClInclude Include="src\module\thermistor\thermistor_5.h">
      <Filter>Header Files</Filter>
    </ClInclude>
    <ClInclude Include="src\module\thermistor\thermistor_51.h">
      <Filter>Header Files</Filter>
    </ClInclude>
    <ClInclude Include="src\module\thermistor\thermistor_52.h">
      <Filter>Header Files</Filter>
    </ClInclude>
    <ClInclude Include="src\module\thermistor\thermistor_55.h">
      <Filter>Header Files</Filter>
    </ClInclude>
    <ClInclude Include="src\module\thermistor\thermistor_6.h">
      <Filter>Header Files</Filter>
    </ClInclude>
    <ClInclude Include="src\module\thermistor\thermistor_60.h">
      <Filter>Header Files</Filter>
    </ClInclude>
    <ClInclude Include="src\module\thermistor\thermistor_66.h">
      <Filter>Header Files</Filter>
    </ClInclude>
    <ClInclude Include="src\module\thermistor\thermistor_7.h">
      <Filter>Header Files</Filter>
    </ClInclude>
    <ClInclude Include="src\module\thermistor\thermistor_70.h">
      <Filter>Header Files</Filter>
    </ClInclude>
    <ClInclude Include="src\module\thermistor\thermistor_71.h">
      <Filter>Header Files</Filter>
    </ClInclude>
    <ClInclude Include="src\module\thermistor\thermistor_75.h">
      <Filter>Header Files</Filter>
    </ClInclude>
    <ClInclude Include="src\module\thermistor\thermistor_8.h">
      <Filter>Header Files</Filter>
    </ClInclude>
    <ClInclude Include="src\module\thermistor\thermistor_9.h">
      <Filter>Header Files</Filter>
    </ClInclude>
    <ClInclude Include="src\module\thermistor\thermistor_998.h">
      <Filter>Header Files</Filter>
    </ClInclude>
    <ClInclude Include="src\module\thermistor\thermistor_999.h">
      <Filter>Header Files</Filter>
    </ClInclude>
    <ClInclude Include="src\pins\pins.h">
      <Filter>Header Files</Filter>
    </ClInclude>
    <ClInclude Include="src\pins\pinsDebug.h">
      <Filter>Header Files</Filter>
    </ClInclude>
    <ClInclude Include="src\pins\pinsDebug_list.h">
      <Filter>Header Files</Filter>
    </ClInclude>
    <ClInclude Include="src\pins\pins_3DRAG.h">
      <Filter>Header Files</Filter>
    </ClInclude>
    <ClInclude Include="src\pins\pins_5DPRINT.h">
      <Filter>Header Files</Filter>
    </ClInclude>
    <ClInclude Include="src\pins\pins_ALLIGATOR_R2.h">
      <Filter>Header Files</Filter>
    </ClInclude>
    <ClInclude Include="src\pins\pins_ANET_10.h">
      <Filter>Header Files</Filter>
    </ClInclude>
    <ClInclude Include="src\pins\pins_ARCHIM2.h">
      <Filter>Header Files</Filter>
    </ClInclude>
    <ClInclude Include="src\pins\pins_AZSMZ_MINI.h">
      <Filter>Header Files</Filter>
    </ClInclude>
    <ClInclude Include="src\pins\pins_AZTEEG_X1.h">
      <Filter>Header Files</Filter>
    </ClInclude>
    <ClInclude Include="src\pins\pins_AZTEEG_X3.h">
      <Filter>Header Files</Filter>
    </ClInclude>
    <ClInclude Include="src\pins\pins_AZTEEG_X3_PRO.h">
      <Filter>Header Files</Filter>
    </ClInclude>
    <ClInclude Include="src\pins\pins_AZTEEG_X5_GT.h">
      <Filter>Header Files</Filter>
    </ClInclude>
    <ClInclude Include="src\pins\pins_BAM_DICE_DUE.h">
      <Filter>Header Files</Filter>
    </ClInclude>
    <ClInclude Include="src\pins\pins_BEAST.h">
      <Filter>Header Files</Filter>
    </ClInclude>
    <ClInclude Include="src\pins\pins_BIQU_BQ111_A4.h">
      <Filter>Header Files</Filter>
    </ClInclude>
    <ClInclude Include="src\pins\pins_BQ_ZUM_MEGA_3D.h">
      <Filter>Header Files</Filter>
    </ClInclude>
    <ClInclude Include="src\pins\pins_BRAINWAVE.h">
      <Filter>Header Files</Filter>
    </ClInclude>
    <ClInclude Include="src\pins\pins_BRAINWAVE_PRO.h">
      <Filter>Header Files</Filter>
    </ClInclude>
    <ClInclude Include="src\pins\pins_CHEAPTRONIC.h">
      <Filter>Header Files</Filter>
    </ClInclude>
    <ClInclude Include="src\pins\pins_CHEAPTRONICv2.h">
      <Filter>Header Files</Filter>
    </ClInclude>
    <ClInclude Include="src\pins\pins_CHITU3D.h">
      <Filter>Header Files</Filter>
    </ClInclude>
    <ClInclude Include="src\pins\pins_CNCONTROLS_11.h">
      <Filter>Header Files</Filter>
    </ClInclude>
    <ClInclude Include="src\pins\pins_CNCONTROLS_12.h">
      <Filter>Header Files</Filter>
    </ClInclude>
    <ClInclude Include="src\pins\pins_COHESION3D_MINI.h">
      <Filter>Header Files</Filter>
    </ClInclude>
    <ClInclude Include="src\pins\pins_COHESION3D_REMIX.h">
      <Filter>Header Files</Filter>
    </ClInclude>
    <ClInclude Include="src\pins\pins_DUE3DOM.h">
      <Filter>Header Files</Filter>
    </ClInclude>
    <ClInclude Include="src\pins\pins_DUE3DOM_MINI.h">
      <Filter>Header Files</Filter>
    </ClInclude>
    <ClInclude Include="src\pins\pins_EINSY_RAMBO.h">
      <Filter>Header Files</Filter>
    </ClInclude>
    <ClInclude Include="src\pins\pins_EINSY_RETRO.h">
      <Filter>Header Files</Filter>
    </ClInclude>
    <ClInclude Include="src\pins\pins_ELEFU_3.h">
      <Filter>Header Files</Filter>
    </ClInclude>
    <ClInclude Include="src\pins\pins_FELIX2.h">
      <Filter>Header Files</Filter>
    </ClInclude>
    <ClInclude Include="src\pins\pins_GEN3_MONOLITHIC.h">
      <Filter>Header Files</Filter>
    </ClInclude>
    <ClInclude Include="src\pins\pins_GEN3_PLUS.h">
      <Filter>Header Files</Filter>
    </ClInclude>
    <ClInclude Include="src\pins\pins_GEN6.h">
      <Filter>Header Files</Filter>
    </ClInclude>
    <ClInclude Include="src\pins\pins_GEN6_DELUXE.h">
      <Filter>Header Files</Filter>
    </ClInclude>
    <ClInclude Include="src\pins\pins_GEN7_12.h">
      <Filter>Header Files</Filter>
    </ClInclude>
    <ClInclude Include="src\pins\pins_GEN7_13.h">
      <Filter>Header Files</Filter>
    </ClInclude>
    <ClInclude Include="src\pins\pins_GEN7_14.h">
      <Filter>Header Files</Filter>
    </ClInclude>
    <ClInclude Include="src\pins\pins_GEN7_CUSTOM.h">
      <Filter>Header Files</Filter>
    </ClInclude>
    <ClInclude Include="src\pins\pins_GT2560_REV_A.h">
      <Filter>Header Files</Filter>
    </ClInclude>
    <ClInclude Include="src\pins\pins_GT2560_REV_A_PLUS.h">
      <Filter>Header Files</Filter>
    </ClInclude>
    <ClInclude Include="src\pins\pins_GTM32_PRO_VB.h">
      <Filter>Header Files</Filter>
    </ClInclude>
    <ClInclude Include="src\pins\pins_K8200.h">
      <Filter>Header Files</Filter>
    </ClInclude>
    <ClInclude Include="src\pins\pins_K8400.h">
      <Filter>Header Files</Filter>
    </ClInclude>
    <ClInclude Include="src\pins\pins_LEAPFROG.h">
      <Filter>Header Files</Filter>
    </ClInclude>
    <ClInclude Include="src\pins\pins_MAKEBOARD_MINI.h">
      <Filter>Header Files</Filter>
    </ClInclude>
    <ClInclude Include="src\pins\pins_MALYAN_M200.h">
      <Filter>Header Files</Filter>
    </ClInclude>
    <ClInclude Include="src\pins\pins_MEGACONTROLLER.h">
      <Filter>Header Files</Filter>
    </ClInclude>
    <ClInclude Include="src\pins\pins_MEGATRONICS.h">
      <Filter>Header Files</Filter>
    </ClInclude>
    <ClInclude Include="src\pins\pins_MEGATRONICS_2.h">
      <Filter>Header Files</Filter>
    </ClInclude>
    <ClInclude Include="src\pins\pins_MEGATRONICS_3.h">
      <Filter>Header Files</Filter>
    </ClInclude>
    <ClInclude Include="src\pins\pins_MELZI.h">
      <Filter>Header Files</Filter>
    </ClInclude>
    <ClInclude Include="src\pins\pins_MELZI_CREALITY.h">
      <Filter>Header Files</Filter>
    </ClInclude>
    <ClInclude Include="src\pins\pins_MELZI_MAKR3D.h">
      <Filter>Header Files</Filter>
    </ClInclude>
    <ClInclude Include="src\pins\pins_MELZI_MALYAN.h">
      <Filter>Header Files</Filter>
    </ClInclude>
    <ClInclude Include="src\pins\pins_MELZI_TRONXY.h">
      <Filter>Header Files</Filter>
    </ClInclude>
    <ClInclude Include="src\pins\pins_MIGHTYBOARD_REVE.h">
      <Filter>Header Files</Filter>
    </ClInclude>
    <ClInclude Include="src\pins\pins_MINIRAMBO.h">
      <Filter>Header Files</Filter>
    </ClInclude>
    <ClInclude Include="src\pins\pins_MINITRONICS.h">
      <Filter>Header Files</Filter>
    </ClInclude>
    <ClInclude Include="src\pins\pins_MKS_BASE.h">
      <Filter>Header Files</Filter>
    </ClInclude>
    <ClInclude Include="src\pins\pins_MKS_BASE_15.h">
      <Filter>Header Files</Filter>
    </ClInclude>
    <ClInclude Include="src\pins\pins_MKS_BASE_HEROIC.h">
      <Filter>Header Files</Filter>
    </ClInclude>
    <ClInclude Include="src\pins\pins_MKS_GEN_13.h">
      <Filter>Header Files</Filter>
    </ClInclude>
    <ClInclude Include="src\pins\pins_MKS_GEN_L.h">
      <Filter>Header Files</Filter>
    </ClInclude>
    <ClInclude Include="src\pins\pins_MKS_SBASE.h">
      <Filter>Header Files</Filter>
    </ClInclude>
    <ClInclude Include="src\pins\pins_OMCA.h">
      <Filter>Header Files</Filter>
    </ClInclude>
    <ClInclude Include="src\pins\pins_OMCA_A.h">
      <Filter>Header Files</Filter>
    </ClInclude>
    <ClInclude Include="src\pins\pins_PRINTRBOARD.h">
      <Filter>Header Files</Filter>
    </ClInclude>
    <ClInclude Include="src\pins\pins_PRINTRBOARD_REVF.h">
      <Filter>Header Files</Filter>
    </ClInclude>
    <ClInclude Include="src\pins\pins_RADDS.h">
      <Filter>Header Files</Filter>
    </ClInclude>
    <ClInclude Include="src\pins\pins_RAMBO.h">
      <Filter>Header Files</Filter>
    </ClInclude>
    <ClInclude Include="src\pins\pins_RAMPS.h">
      <Filter>Header Files</Filter>
    </ClInclude>
    <ClInclude Include="src\pins\pins_RAMPS4DUE.h">
      <Filter>Header Files</Filter>
    </ClInclude>
    <ClInclude Include="src\pins\pins_RAMPS_13.h">
      <Filter>Header Files</Filter>
    </ClInclude>
    <ClInclude Include="src\pins\pins_RAMPS_DUO.h">
      <Filter>Header Files</Filter>
    </ClInclude>
    <ClInclude Include="src\pins\pins_RAMPS_ENDER_4.h">
      <Filter>Header Files</Filter>
    </ClInclude>
    <ClInclude Include="src\pins\pins_RAMPS_FD_V1.h">
      <Filter>Header Files</Filter>
    </ClInclude>
    <ClInclude Include="src\pins\pins_RAMPS_FD_V2.h">
      <Filter>Header Files</Filter>
    </ClInclude>
    <ClInclude Include="src\pins\pins_RAMPS_OLD.h">
      <Filter>Header Files</Filter>
    </ClInclude>
    <ClInclude Include="src\pins\pins_RAMPS_PLUS.h">
      <Filter>Header Files</Filter>
    </ClInclude>
    <ClInclude Include="src\pins\pins_RAMPS_RE_ARM.h">
      <Filter>Header Files</Filter>
    </ClInclude>
    <ClInclude Include="src\pins\pins_RAMPS_SMART.h">
      <Filter>Header Files</Filter>
    </ClInclude>
    <ClInclude Include="src\pins\pins_RIGIDBOARD.h">
      <Filter>Header Files</Filter>
    </ClInclude>
    <ClInclude Include="src\pins\pins_RIGIDBOARD_V2.h">
      <Filter>Header Files</Filter>
    </ClInclude>
    <ClInclude Include="src\pins\pins_RUMBA.h">
      <Filter>Header Files</Filter>
    </ClInclude>
    <ClInclude Include="src\pins\pins_RURAMPS4D.h">
      <Filter>Header Files</Filter>
    </ClInclude>
    <ClInclude Include="src\pins\pins_SAINSMART_2IN1.h">
      <Filter>Header Files</Filter>
    </ClInclude>
    <ClInclude Include="src\pins\pins_SANGUINOLOLU_11.h">
      <Filter>Header Files</Filter>
    </ClInclude>
    <ClInclude Include="src\pins\pins_SANGUINOLOLU_12.h">
      <Filter>Header Files</Filter>
    </ClInclude>
    <ClInclude Include="src\pins\pins_SAV_MKI.h">
      <Filter>Header Files</Filter>
    </ClInclude>
    <ClInclude Include="src\pins\pins_SCOOVO_X9H.h">
      <Filter>Header Files</Filter>
    </ClInclude>
    <ClInclude Include="src\pins\pins_SELENA_COMPACT.h">
      <Filter>Header Files</Filter>
    </ClInclude>
    <ClInclude Include="src\pins\pins_SETHI.h">
      <Filter>Header Files</Filter>
    </ClInclude>
    <ClInclude Include="src\pins\pins_SILVER_GATE.h">
      <Filter>Header Files</Filter>
    </ClInclude>
    <ClInclude Include="src\pins\pins_STB_11.h">
      <Filter>Header Files</Filter>
    </ClInclude>
    <ClInclude Include="src\pins\pins_STM32F1R.h">
      <Filter>Header Files</Filter>
    </ClInclude>
    <ClInclude Include="src\pins\pins_STM32F4.h">
      <Filter>Header Files</Filter>
    </ClInclude>
    <ClInclude Include="src\pins\pins_STM3R_MINI.h">
      <Filter>Header Files</Filter>
    </ClInclude>
    <ClInclude Include="src\pins\pins_TEENSY2.h">
      <Filter>Header Files</Filter>
    </ClInclude>
    <ClInclude Include="src\pins\pins_TEENSY35_36.h">
      <Filter>Header Files</Filter>
    </ClInclude>
    <ClInclude Include="src\pins\pins_TEENSYLU.h">
      <Filter>Header Files</Filter>
    </ClInclude>
    <ClInclude Include="src\pins\pins_THE_BORG.h">
      <Filter>Header Files</Filter>
    </ClInclude>
    <ClInclude Include="src\pins\pins_TRIGORILLA_13.h">
      <Filter>Header Files</Filter>
    </ClInclude>
    <ClInclude Include="src\pins\pins_TRIGORILLA_14.h">
      <Filter>Header Files</Filter>
    </ClInclude>
    <ClInclude Include="src\pins\pins_ULTIMAIN_2.h">
      <Filter>Header Files</Filter>
    </ClInclude>
    <ClInclude Include="src\pins\pins_ULTIMAKER.h">
      <Filter>Header Files</Filter>
    </ClInclude>
    <ClInclude Include="src\pins\pins_ULTIMAKER_OLD.h">
      <Filter>Header Files</Filter>
    </ClInclude>
    <ClInclude Include="src\pins\pins_ULTRATRONICS_PRO.h">
      <Filter>Header Files</Filter>
    </ClInclude>
    <ClInclude Include="src\pins\pins_ZRIB_V20.h">
      <Filter>Header Files</Filter>
    </ClInclude>
    <ClInclude Include="src\sd\cardreader.h">
      <Filter>Header Files</Filter>
    </ClInclude>
    <ClInclude Include="src\sd\Sd2Card.h">
      <Filter>Header Files</Filter>
    </ClInclude>
    <ClInclude Include="src\sd\SdBaseFile.h">
      <Filter>Header Files</Filter>
    </ClInclude>
    <ClInclude Include="src\sd\SdFatConfig.h">
      <Filter>Header Files</Filter>
    </ClInclude>
    <ClInclude Include="src\sd\SdFatStructs.h">
      <Filter>Header Files</Filter>
    </ClInclude>
    <ClInclude Include="src\sd\SdFatUtil.h">
      <Filter>Header Files</Filter>
    </ClInclude>
    <ClInclude Include="src\sd\SdFile.h">
      <Filter>Header Files</Filter>
    </ClInclude>
    <ClInclude Include="src\sd\SdInfo.h">
      <Filter>Header Files</Filter>
    </ClInclude>
    <ClInclude Include="src\sd\SdVolume.h">
      <Filter>Header Files</Filter>
    </ClInclude>
  </ItemGroup>
  <ItemGroup>
    <ClCompile Include="src\Marlin.cpp">
      <Filter>Source Files</Filter>
    </ClCompile>
    <ClCompile Include="src\core\serial.cpp">
      <Filter>Source Files</Filter>
    </ClCompile>
    <ClCompile Include="src\core\utility.cpp">
      <Filter>Source Files</Filter>
    </ClCompile>
    <ClCompile Include="src\feature\baricuda.cpp">
      <Filter>Source Files</Filter>
    </ClCompile>
    <ClCompile Include="src\feature\caselight.cpp">
      <Filter>Source Files</Filter>
    </ClCompile>
    <ClCompile Include="src\feature\controllerfan.cpp">
      <Filter>Source Files</Filter>
    </ClCompile>
    <ClCompile Include="src\feature\emergency_parser.cpp">
      <Filter>Source Files</Filter>
    </ClCompile>
    <ClCompile Include="src\feature\fanmux.cpp">
      <Filter>Source Files</Filter>
    </ClCompile>
    <ClCompile Include="src\feature\filwidth.cpp">
      <Filter>Source Files</Filter>
    </ClCompile>
    <ClCompile Include="src\feature\fwretract.cpp">
      <Filter>Source Files</Filter>
    </ClCompile>
    <ClCompile Include="src\feature\I2CPositionEncoder.cpp">
      <Filter>Source Files</Filter>
    </ClCompile>
    <ClCompile Include="src\feature\Max7219_Debug_LEDs.cpp">
      <Filter>Source Files</Filter>
    </ClCompile>
    <ClCompile Include="src\feature\mixing.cpp">
      <Filter>Source Files</Filter>
    </ClCompile>
    <ClCompile Include="src\feature\pause.cpp">
      <Filter>Source Files</Filter>
    </ClCompile>
    <ClCompile Include="src\feature\power.cpp">
      <Filter>Source Files</Filter>
    </ClCompile>
    <ClCompile Include="src\feature\power_loss_recovery.cpp">
      <Filter>Source Files</Filter>
    </ClCompile>
    <ClCompile Include="src\feature\runout.cpp">
      <Filter>Source Files</Filter>
    </ClCompile>
    <ClCompile Include="src\feature\snmm.cpp">
      <Filter>Source Files</Filter>
    </ClCompile>
    <ClCompile Include="src\feature\solenoid.cpp">
      <Filter>Source Files</Filter>
    </ClCompile>
    <ClCompile Include="src\feature\tmc_util.cpp">
      <Filter>Source Files</Filter>
    </ClCompile>
    <ClCompile Include="src\feature\twibus.cpp">
      <Filter>Source Files</Filter>
    </ClCompile>
    <ClCompile Include="src\feature\bedlevel\bedlevel.cpp">
      <Filter>Source Files</Filter>
    </ClCompile>
    <ClCompile Include="src\feature\bedlevel\abl\abl.cpp">
      <Filter>Source Files</Filter>
    </ClCompile>
    <ClCompile Include="src\feature\bedlevel\mbl\mesh_bed_leveling.cpp">
      <Filter>Source Files</Filter>
    </ClCompile>
    <ClCompile Include="src\feature\bedlevel\ubl\ubl.cpp">
      <Filter>Source Files</Filter>
    </ClCompile>
    <ClCompile Include="src\feature\bedlevel\ubl\ubl_G29.cpp">
      <Filter>Source Files</Filter>
    </ClCompile>
    <ClCompile Include="src\feature\bedlevel\ubl\ubl_motion.cpp">
      <Filter>Source Files</Filter>
    </ClCompile>
    <ClCompile Include="src\feature\dac\dac_dac084s085.cpp">
      <Filter>Source Files</Filter>
    </ClCompile>
    <ClCompile Include="src\feature\dac\dac_mcp4728.cpp">
      <Filter>Source Files</Filter>
    </ClCompile>
    <ClCompile Include="src\feature\dac\stepper_dac.cpp">
      <Filter>Source Files</Filter>
    </ClCompile>
    <ClCompile Include="src\feature\digipot\digipot_mcp4018.cpp">
      <Filter>Source Files</Filter>
    </ClCompile>
    <ClCompile Include="src\feature\digipot\digipot_mcp4451.cpp">
      <Filter>Source Files</Filter>
    </ClCompile>
    <ClCompile Include="src\feature\leds\blinkm.cpp">
      <Filter>Source Files</Filter>
    </ClCompile>
    <ClCompile Include="src\feature\leds\leds.cpp">
      <Filter>Source Files</Filter>
    </ClCompile>
    <ClCompile Include="src\feature\leds\neopixel.cpp">
      <Filter>Source Files</Filter>
    </ClCompile>
    <ClCompile Include="src\feature\leds\pca9632.cpp">
      <Filter>Source Files</Filter>
    </ClCompile>
    <ClCompile Include="src\feature\leds\tempstat.cpp">
      <Filter>Source Files</Filter>
    </ClCompile>
    <ClCompile Include="src\gcode\gcode.cpp">
      <Filter>Source Files</Filter>
    </ClCompile>
    <ClCompile Include="src\gcode\parser.cpp">
      <Filter>Source Files</Filter>
    </ClCompile>
    <ClCompile Include="src\gcode\queue.cpp">
      <Filter>Source Files</Filter>
    </ClCompile>
    <ClCompile Include="src\gcode\bedlevel\G26.cpp">
      <Filter>Source Files</Filter>
    </ClCompile>
    <ClCompile Include="src\gcode\bedlevel\G42.cpp">
      <Filter>Source Files</Filter>
    </ClCompile>
    <ClCompile Include="src\gcode\bedlevel\M420.cpp">
      <Filter>Source Files</Filter>
    </ClCompile>
    <ClCompile Include="src\gcode\bedlevel\abl\G29.cpp">
      <Filter>Source Files</Filter>
    </ClCompile>
    <ClCompile Include="src\gcode\bedlevel\abl\M421.cpp">
      <Filter>Source Files</Filter>
    </ClCompile>
    <ClCompile Include="src\gcode\bedlevel\mbl\G29.cpp">
      <Filter>Source Files</Filter>
    </ClCompile>
    <ClCompile Include="src\gcode\bedlevel\mbl\M421.cpp">
      <Filter>Source Files</Filter>
    </ClCompile>
    <ClCompile Include="src\gcode\bedlevel\ubl\G29.cpp">
      <Filter>Source Files</Filter>
    </ClCompile>
    <ClCompile Include="src\gcode\bedlevel\ubl\M421.cpp">
      <Filter>Source Files</Filter>
    </ClCompile>
    <ClCompile Include="src\gcode\bedlevel\ubl\M49.cpp">
      <Filter>Source Files</Filter>
    </ClCompile>
    <ClCompile Include="src\gcode\calibrate\G28.cpp">
      <Filter>Source Files</Filter>
    </ClCompile>
    <ClCompile Include="src\gcode\calibrate\G33.cpp">
      <Filter>Source Files</Filter>
    </ClCompile>
    <ClCompile Include="src\gcode\calibrate\M100.cpp">
      <Filter>Source Files</Filter>
    </ClCompile>
    <ClCompile Include="src\gcode\calibrate\M48.cpp">
      <Filter>Source Files</Filter>
    </ClCompile>
    <ClCompile Include="src\gcode\calibrate\M665.cpp">
      <Filter>Source Files</Filter>
    </ClCompile>
    <ClCompile Include="src\gcode\calibrate\M666.cpp">
      <Filter>Source Files</Filter>
    </ClCompile>
    <ClCompile Include="src\gcode\calibrate\M852.cpp">
      <Filter>Source Files</Filter>
    </ClCompile>
    <ClCompile Include="src\gcode\config\M200-M205.cpp">
      <Filter>Source Files</Filter>
    </ClCompile>
    <ClCompile Include="src\gcode\config\M218.cpp">
      <Filter>Source Files</Filter>
    </ClCompile>
    <ClCompile Include="src\gcode\config\M220.cpp">
      <Filter>Source Files</Filter>
    </ClCompile>
    <ClCompile Include="src\gcode\config\M221.cpp">
      <Filter>Source Files</Filter>
    </ClCompile>
    <ClCompile Include="src\gcode\config\M301.cpp">
      <Filter>Source Files</Filter>
    </ClCompile>
    <ClCompile Include="src\gcode\config\M302.cpp">
      <Filter>Source Files</Filter>
    </ClCompile>
    <ClCompile Include="src\gcode\config\M304.cpp">
      <Filter>Source Files</Filter>
    </ClCompile>
    <ClCompile Include="src\gcode\config\M43.cpp">
      <Filter>Source Files</Filter>
    </ClCompile>
    <ClCompile Include="src\gcode\config\M540.cpp">
      <Filter>Source Files</Filter>
    </ClCompile>
    <ClCompile Include="src\gcode\config\M92.cpp">
      <Filter>Source Files</Filter>
    </ClCompile>
    <ClCompile Include="src\gcode\control\M108_M112_M410.cpp">
      <Filter>Source Files</Filter>
    </ClCompile>
    <ClCompile Include="src\gcode\control\M111.cpp">
      <Filter>Source Files</Filter>
    </ClCompile>
    <ClCompile Include="src\gcode\control\M120_M121.cpp">
      <Filter>Source Files</Filter>
    </ClCompile>
    <ClCompile Include="src\gcode\control\M17_M18_M84.cpp">
      <Filter>Source Files</Filter>
    </ClCompile>
    <ClCompile Include="src\gcode\control\M211.cpp">
      <Filter>Source Files</Filter>
    </ClCompile>
    <ClCompile Include="src\gcode\control\M226.cpp">
      <Filter>Source Files</Filter>
    </ClCompile>
    <ClCompile Include="src\gcode\control\M280.cpp">
      <Filter>Source Files</Filter>
    </ClCompile>
    <ClCompile Include="src\gcode\control\M3-M5.cpp">
      <Filter>Source Files</Filter>
    </ClCompile>
    <ClCompile Include="src\gcode\control\M350_M351.cpp">
      <Filter>Source Files</Filter>
    </ClCompile>
    <ClCompile Include="src\gcode\control\M380_M381.cpp">
      <Filter>Source Files</Filter>
    </ClCompile>
    <ClCompile Include="src\gcode\control\M400.cpp">
      <Filter>Source Files</Filter>
    </ClCompile>
    <ClCompile Include="src\gcode\control\M42.cpp">
      <Filter>Source Files</Filter>
    </ClCompile>
    <ClCompile Include="src\gcode\control\M605.cpp">
      <Filter>Source Files</Filter>
    </ClCompile>
    <ClCompile Include="src\gcode\control\M80_M81.cpp">
      <Filter>Source Files</Filter>
    </ClCompile>
    <ClCompile Include="src\gcode\control\M85.cpp">
      <Filter>Source Files</Filter>
    </ClCompile>
    <ClCompile Include="src\gcode\control\M999.cpp">
      <Filter>Source Files</Filter>
    </ClCompile>
    <ClCompile Include="src\gcode\control\T.cpp">
      <Filter>Source Files</Filter>
    </ClCompile>
    <ClCompile Include="src\gcode\eeprom\M500-M504.cpp">
      <Filter>Source Files</Filter>
    </ClCompile>
    <ClCompile Include="src\gcode\feature\advance\M900.cpp">
      <Filter>Source Files</Filter>
    </ClCompile>
    <ClCompile Include="src\gcode\feature\baricuda\M126-M129.cpp">
      <Filter>Source Files</Filter>
    </ClCompile>
    <ClCompile Include="src\gcode\feature\camera\M240.cpp">
      <Filter>Source Files</Filter>
    </ClCompile>
    <ClCompile Include="src\gcode\feature\caselight\M355.cpp">
      <Filter>Source Files</Filter>
    </ClCompile>
    <ClCompile Include="src\gcode\feature\clean\G12.cpp">
      <Filter>Source Files</Filter>
    </ClCompile>
    <ClCompile Include="src\gcode\feature\digipot\M907-M910.cpp">
      <Filter>Source Files</Filter>
    </ClCompile>
    <ClCompile Include="src\gcode\feature\filwidth\M404-M407.cpp">
      <Filter>Source Files</Filter>
    </ClCompile>
    <ClCompile Include="src\gcode\feature\fwretract\G10_G11.cpp">
      <Filter>Source Files</Filter>
    </ClCompile>
    <ClCompile Include="src\gcode\feature\fwretract\M207-M209.cpp">
      <Filter>Source Files</Filter>
    </ClCompile>
    <ClCompile Include="src\gcode\feature\i2c\M260_M261.cpp">
      <Filter>Source Files</Filter>
    </ClCompile>
    <ClCompile Include="src\gcode\feature\leds\M150.cpp">
      <Filter>Source Files</Filter>
    </ClCompile>
    <ClCompile Include="src\gcode\feature\mixing\M163-M165.cpp">
      <Filter>Source Files</Filter>
    </ClCompile>
    <ClCompile Include="src\gcode\feature\pause\G27.cpp">
      <Filter>Source Files</Filter>
    </ClCompile>
    <ClCompile Include="src\gcode\feature\pause\M125.cpp">
      <Filter>Source Files</Filter>
    </ClCompile>
    <ClCompile Include="src\gcode\feature\pause\M600.cpp">
      <Filter>Source Files</Filter>
    </ClCompile>
    <ClCompile Include="src\gcode\feature\pause\M603.cpp">
      <Filter>Source Files</Filter>
    </ClCompile>
    <ClCompile Include="src\gcode\feature\pause\M701_M702.cpp">
      <Filter>Source Files</Filter>
    </ClCompile>
    <ClCompile Include="src\gcode\feature\trinamic\M122.cpp">
      <Filter>Source Files</Filter>
    </ClCompile>
    <ClCompile Include="src\gcode\feature\trinamic\M906.cpp">
      <Filter>Source Files</Filter>
    </ClCompile>
    <ClCompile Include="src\gcode\feature\trinamic\M911-M915.cpp">
      <Filter>Source Files</Filter>
    </ClCompile>
    <ClCompile Include="src\gcode\geometry\G17-G19.cpp">
      <Filter>Source Files</Filter>
    </ClCompile>
    <ClCompile Include="src\gcode\geometry\G53-G59.cpp">
      <Filter>Source Files</Filter>
    </ClCompile>
    <ClCompile Include="src\gcode\geometry\G92.cpp">
      <Filter>Source Files</Filter>
    </ClCompile>
    <ClCompile Include="src\gcode\geometry\M206_M428.cpp">
      <Filter>Source Files</Filter>
    </ClCompile>
    <ClCompile Include="src\gcode\host\M110.cpp">
      <Filter>Source Files</Filter>
    </ClCompile>
    <ClCompile Include="src\gcode\host\M113.cpp">
      <Filter>Source Files</Filter>
    </ClCompile>
    <ClCompile Include="src\gcode\host\M114.cpp">
      <Filter>Source Files</Filter>
    </ClCompile>
    <ClCompile Include="src\gcode\host\M115.cpp">
      <Filter>Source Files</Filter>
    </ClCompile>
    <ClCompile Include="src\gcode\host\M118.cpp">
      <Filter>Source Files</Filter>
    </ClCompile>
    <ClCompile Include="src\gcode\host\M119.cpp">
      <Filter>Source Files</Filter>
    </ClCompile>
    <ClCompile Include="src\gcode\lcd\M0_M1.cpp">
      <Filter>Source Files</Filter>
    </ClCompile>
    <ClCompile Include="src\gcode\lcd\M117.cpp">
      <Filter>Source Files</Filter>
    </ClCompile>
    <ClCompile Include="src\gcode\lcd\M145.cpp">
      <Filter>Source Files</Filter>
    </ClCompile>
    <ClCompile Include="src\gcode\lcd\M250.cpp">
      <Filter>Source Files</Filter>
    </ClCompile>
    <ClCompile Include="src\gcode\lcd\M300.cpp">
      <Filter>Source Files</Filter>
    </ClCompile>
    <ClCompile Include="src\gcode\lcd\M73.cpp">
      <Filter>Source Files</Filter>
    </ClCompile>
    <ClCompile Include="src\gcode\motion\G0_G1.cpp">
      <Filter>Source Files</Filter>
    </ClCompile>
    <ClCompile Include="src\gcode\motion\G2_G3.cpp">
      <Filter>Source Files</Filter>
    </ClCompile>
    <ClCompile Include="src\gcode\motion\G4.cpp">
      <Filter>Source Files</Filter>
    </ClCompile>
    <ClCompile Include="src\gcode\motion\G5.cpp">
      <Filter>Source Files</Filter>
    </ClCompile>
    <ClCompile Include="src\gcode\motion\M290.cpp">
      <Filter>Source Files</Filter>
    </ClCompile>
    <ClCompile Include="src\gcode\probe\G30.cpp">
      <Filter>Source Files</Filter>
    </ClCompile>
    <ClCompile Include="src\gcode\probe\G31_G32.cpp">
      <Filter>Source Files</Filter>
    </ClCompile>
    <ClCompile Include="src\gcode\probe\G38.cpp">
      <Filter>Source Files</Filter>
    </ClCompile>
    <ClCompile Include="src\gcode\probe\M401_M402.cpp">
      <Filter>Source Files</Filter>
    </ClCompile>
    <ClCompile Include="src\gcode\probe\M851.cpp">
      <Filter>Source Files</Filter>
    </ClCompile>
    <ClCompile Include="src\gcode\scara\M360-M364.cpp">
      <Filter>Source Files</Filter>
    </ClCompile>
    <ClCompile Include="src\gcode\sdcard\M20-M30_M32-M34_M928.cpp">
      <Filter>Source Files</Filter>
    </ClCompile>
    <ClCompile Include="src\gcode\stats\M31.cpp">
      <Filter>Source Files</Filter>
    </ClCompile>
    <ClCompile Include="src\gcode\stats\M75-M78.cpp">
      <Filter>Source Files</Filter>
    </ClCompile>
    <ClCompile Include="src\gcode\temperature\M104_M109.cpp">
      <Filter>Source Files</Filter>
    </ClCompile>
    <ClCompile Include="src\gcode\temperature\M105.cpp">
      <Filter>Source Files</Filter>
    </ClCompile>
    <ClCompile Include="src\gcode\temperature\M106_M107.cpp">
      <Filter>Source Files</Filter>
    </ClCompile>
    <ClCompile Include="src\gcode\temperature\M140_M190.cpp">
      <Filter>Source Files</Filter>
    </ClCompile>
    <ClCompile Include="src\gcode\temperature\M155.cpp">
      <Filter>Source Files</Filter>
    </ClCompile>
    <ClCompile Include="src\gcode\temperature\M303.cpp">
      <Filter>Source Files</Filter>
    </ClCompile>
    <ClCompile Include="src\gcode\units\G20_G21.cpp">
      <Filter>Source Files</Filter>
    </ClCompile>
    <ClCompile Include="src\gcode\units\M149.cpp">
      <Filter>Source Files</Filter>
    </ClCompile>
    <ClCompile Include="src\gcode\units\M82_M83.cpp">
      <Filter>Source Files</Filter>
    </ClCompile>
    <ClCompile Include="src\HAL\I2cEeprom.cpp">
      <Filter>Source Files</Filter>
    </ClCompile>
    <ClCompile Include="src\HAL\servo.cpp">
      <Filter>Source Files</Filter>
    </ClCompile>
    <ClCompile Include="src\HAL\SpiEeprom.cpp">
      <Filter>Source Files</Filter>
    </ClCompile>
    <ClCompile Include="src\HAL\backtrace\backtrace.cpp">
      <Filter>Source Files</Filter>
    </ClCompile>
    <ClCompile Include="src\HAL\backtrace\unwarm.cpp">
      <Filter>Source Files</Filter>
    </ClCompile>
    <ClCompile Include="src\HAL\backtrace\unwarmbytab.cpp">
      <Filter>Source Files</Filter>
    </ClCompile>
    <ClCompile Include="src\HAL\backtrace\unwarmmem.cpp">
      <Filter>Source Files</Filter>
    </ClCompile>
    <ClCompile Include="src\HAL\backtrace\unwarm_arm.cpp">
      <Filter>Source Files</Filter>
    </ClCompile>
    <ClCompile Include="src\HAL\backtrace\unwarm_thumb.cpp">
      <Filter>Source Files</Filter>
    </ClCompile>
    <ClCompile Include="src\HAL\backtrace\unwinder.cpp">
      <Filter>Source Files</Filter>
    </ClCompile>
    <ClCompile Include="src\HAL\backtrace\unwmemaccess.cpp">
      <Filter>Source Files</Filter>
    </ClCompile>
    <ClCompile Include="src\HAL\HAL_AVR\HAL.cpp">
      <Filter>Source Files</Filter>
    </ClCompile>
    <ClCompile Include="src\HAL\HAL_AVR\HAL_spi_AVR.cpp">
      <Filter>Source Files</Filter>
    </ClCompile>
    <ClCompile Include="src\HAL\HAL_AVR\MarlinSerial.cpp">
      <Filter>Source Files</Filter>
    </ClCompile>
    <ClCompile Include="src\HAL\HAL_AVR\persistent_store_impl.cpp">
      <Filter>Source Files</Filter>
    </ClCompile>
    <ClCompile Include="src\HAL\HAL_AVR\servo_AVR.cpp">
      <Filter>Source Files</Filter>
    </ClCompile>
    <ClCompile Include="src\HAL\HAL_AVR\watchdog_AVR.cpp">
      <Filter>Source Files</Filter>
    </ClCompile>
    <ClCompile Include="src\HAL\HAL_DUE\DebugMonitor_Due.cpp">
      <Filter>Source Files</Filter>
    </ClCompile>
    <ClCompile Include="src\HAL\HAL_DUE\EepromEmulation_Due.cpp">
      <Filter>Source Files</Filter>
    </ClCompile>
    <ClCompile Include="src\HAL\HAL_DUE\HAL.cpp">
      <Filter>Source Files</Filter>
    </ClCompile>
    <ClCompile Include="src\HAL\HAL_DUE\HAL_spi_Due.cpp">
      <Filter>Source Files</Filter>
    </ClCompile>
    <ClCompile Include="src\HAL\HAL_DUE\HAL_timers_Due.cpp">
      <Filter>Source Files</Filter>
    </ClCompile>
    <ClCompile Include="src\HAL\HAL_DUE\InterruptVectors_Due.cpp">
      <Filter>Source Files</Filter>
    </ClCompile>
    <ClCompile Include="src\HAL\HAL_DUE\MarlinSerialUSB_Due.cpp">
      <Filter>Source Files</Filter>
    </ClCompile>
    <ClCompile Include="src\HAL\HAL_DUE\MarlinSerial_Due.cpp">
      <Filter>Source Files</Filter>
    </ClCompile>
    <ClCompile Include="src\HAL\HAL_DUE\persistent_store_impl.cpp">
      <Filter>Source Files</Filter>
    </ClCompile>
    <ClCompile Include="src\HAL\HAL_DUE\Servo_Due.cpp">
      <Filter>Source Files</Filter>
    </ClCompile>
    <ClCompile Include="src\HAL\HAL_DUE\Tone.cpp">
      <Filter>Source Files</Filter>
    </ClCompile>
    <ClCompile Include="src\HAL\HAL_DUE\u8g_com_HAL_DUE_shared_hw_spi.cpp">
      <Filter>Source Files</Filter>
    </ClCompile>
    <ClCompile Include="src\HAL\HAL_DUE\u8g_com_HAL_DUE_st7920_sw_spi.cpp">
      <Filter>Source Files</Filter>
    </ClCompile>
    <ClCompile Include="src\HAL\HAL_DUE\watchdog_Due.cpp">
      <Filter>Source Files</Filter>
    </ClCompile>
    <ClCompile Include="src\HAL\HAL_DUE\usb\ctrl_access.c">
      <Filter>Source Files</Filter>
    </ClCompile>
    <ClCompile Include="src\HAL\HAL_DUE\usb\sd_mmc_spi_mem.cpp">
      <Filter>Source Files</Filter>
    </ClCompile>
    <ClCompile Include="src\HAL\HAL_DUE\usb\sysclk.c">
      <Filter>Source Files</Filter>
    </ClCompile>
    <ClCompile Include="src\HAL\HAL_DUE\usb\udc.c">
      <Filter>Source Files</Filter>
    </ClCompile>
    <ClCompile Include="src\HAL\HAL_DUE\usb\udi_cdc.c">
      <Filter>Source Files</Filter>
    </ClCompile>
    <ClCompile Include="src\HAL\HAL_DUE\usb\udi_cdc_desc.c">
      <Filter>Source Files</Filter>
    </ClCompile>
    <ClCompile Include="src\HAL\HAL_DUE\usb\udi_composite_desc.c">
      <Filter>Source Files</Filter>
    </ClCompile>
    <ClCompile Include="src\HAL\HAL_DUE\usb\udi_msc.c">
      <Filter>Source Files</Filter>
    </ClCompile>
    <ClCompile Include="src\HAL\HAL_DUE\usb\uotghs_device_due.c">
      <Filter>Source Files</Filter>
    </ClCompile>
    <ClCompile Include="src\HAL\HAL_DUE\usb\usb_task.c">
      <Filter>Source Files</Filter>
    </ClCompile>
    <ClCompile Include="src\HAL\HAL_LPC1768\arduino.cpp">
      <Filter>Source Files</Filter>
    </ClCompile>
    <ClCompile Include="src\HAL\HAL_LPC1768\HAL.cpp">
      <Filter>Source Files</Filter>
    </ClCompile>
    <ClCompile Include="src\HAL\HAL_LPC1768\HAL_spi.cpp">
      <Filter>Source Files</Filter>
    </ClCompile>
    <ClCompile Include="src\HAL\HAL_LPC1768\HAL_timers.cpp">
      <Filter>Source Files</Filter>
    </ClCompile>
    <ClCompile Include="src\HAL\HAL_LPC1768\HardwareSerial.cpp">
      <Filter>Source Files</Filter>
    </ClCompile>
    <ClCompile Include="src\HAL\HAL_LPC1768\LPC1768_PWM.cpp">
      <Filter>Source Files</Filter>
    </ClCompile>
    <ClCompile Include="src\HAL\HAL_LPC1768\LPC1768_Servo.cpp">
      <Filter>Source Files</Filter>
    </ClCompile>
    <ClCompile Include="src\HAL\HAL_LPC1768\main.cpp">
      <Filter>Source Files</Filter>
    </ClCompile>
    <ClCompile Include="src\HAL\HAL_LPC1768\persistent_store_impl.cpp">
      <Filter>Source Files</Filter>
    </ClCompile>
    <ClCompile Include="src\HAL\HAL_LPC1768\SoftwareSerial.cpp">
      <Filter>Source Files</Filter>
    </ClCompile>
    <ClCompile Include="src\HAL\HAL_LPC1768\SoftwareSPI.cpp">
      <Filter>Source Files</Filter>
    </ClCompile>
    <ClCompile Include="src\HAL\HAL_LPC1768\u8g_com_HAL_LPC1768_hw_spi.cpp">
      <Filter>Source Files</Filter>
    </ClCompile>
    <ClCompile Include="src\HAL\HAL_LPC1768\u8g_com_HAL_LPC1768_ssd_hw_i2c.cpp">
      <Filter>Source Files</Filter>
    </ClCompile>
    <ClCompile Include="src\HAL\HAL_LPC1768\u8g_com_HAL_LPC1768_st7920_hw_spi.cpp">
      <Filter>Source Files</Filter>
    </ClCompile>
    <ClCompile Include="src\HAL\HAL_LPC1768\u8g_com_HAL_LPC1768_st7920_sw_spi.cpp">
      <Filter>Source Files</Filter>
    </ClCompile>
    <ClCompile Include="src\HAL\HAL_LPC1768\u8g_com_HAL_LPC1768_sw_spi.cpp">
      <Filter>Source Files</Filter>
    </ClCompile>
    <ClCompile Include="src\HAL\HAL_LPC1768\watchdog.cpp">
      <Filter>Source Files</Filter>
    </ClCompile>
    <ClCompile Include="src\HAL\HAL_LPC1768\WInterrupts.cpp">
      <Filter>Source Files</Filter>
    </ClCompile>
    <ClCompile Include="src\HAL\HAL_LPC1768\include\digipot_mcp4451_I2C_routines.c">
      <Filter>Source Files</Filter>
    </ClCompile>
    <ClCompile Include="src\HAL\HAL_LPC1768\include\pinmapping.cpp">
      <Filter>Source Files</Filter>
    </ClCompile>
    <ClCompile Include="src\HAL\HAL_LPC1768\include\Wire.cpp">
      <Filter>Source Files</Filter>
    </ClCompile>
    <ClCompile Include="src\HAL\HAL_LPC1768\u8g\HAL_LCD_I2C_routines.c">
      <Filter>Source Files</Filter>
    </ClCompile>
    <ClCompile Include="src\HAL\HAL_LPC1768\u8g\HAL_LCD_pin_routines.c">
      <Filter>Source Files</Filter>
    </ClCompile>
    <ClCompile Include="src\HAL\HAL_STM32F1\HAL.cpp">
      <Filter>Source Files</Filter>
    </ClCompile>
    <ClCompile Include="src\HAL\HAL_STM32F1\HAL_Servo_Stm32f1.cpp">
      <Filter>Source Files</Filter>
    </ClCompile>
    <ClCompile Include="src\HAL\HAL_STM32F1\HAL_spi_Stm32f1.cpp">
      <Filter>Source Files</Filter>
    </ClCompile>
    <ClCompile Include="src\HAL\HAL_STM32F1\HAL_timers_Stm32f1.cpp">
      <Filter>Source Files</Filter>
    </ClCompile>
    <ClCompile Include="src\HAL\HAL_STM32F1\persistent_store_flash.cpp">
      <Filter>Source Files</Filter>
    </ClCompile>
    <ClCompile Include="src\HAL\HAL_STM32F1\persistent_store_impl.cpp">
      <Filter>Source Files</Filter>
    </ClCompile>
    <ClCompile Include="src\HAL\HAL_STM32F1\watchdog_Stm32f1.cpp">
      <Filter>Source Files</Filter>
    </ClCompile>
    <ClCompile Include="src\HAL\HAL_STM32F4\EmulatedEeprom.cpp">
      <Filter>Source Files</Filter>
    </ClCompile>
    <ClCompile Include="src\HAL\HAL_STM32F4\HAL.cpp">
      <Filter>Source Files</Filter>
    </ClCompile>
    <ClCompile Include="src\HAL\HAL_STM32F4\HAL_Servo_STM32F4.cpp">
      <Filter>Source Files</Filter>
    </ClCompile>
    <ClCompile Include="src\HAL\HAL_STM32F4\HAL_spi_STM32F4.cpp">
      <Filter>Source Files</Filter>
    </ClCompile>
    <ClCompile Include="src\HAL\HAL_STM32F4\HAL_timers_STM32F4.cpp">
      <Filter>Source Files</Filter>
    </ClCompile>
    <ClCompile Include="src\HAL\HAL_STM32F4\persistent_store_impl.cpp">
      <Filter>Source Files</Filter>
    </ClCompile>
    <ClCompile Include="src\HAL\HAL_STM32F4\watchdog_STM32F4.cpp">
      <Filter>Source Files</Filter>
    </ClCompile>
    <ClCompile Include="src\HAL\HAL_STM32F4\EEPROM_Emul\eeprom_emul.cpp">
      <Filter>Source Files</Filter>
    </ClCompile>
    <ClCompile Include="src\HAL\HAL_STM32F7\EmulatedEeprom.cpp">
      <Filter>Source Files</Filter>
    </ClCompile>
    <ClCompile Include="src\HAL\HAL_STM32F7\HAL.cpp">
      <Filter>Source Files</Filter>
    </ClCompile>
    <ClCompile Include="src\HAL\HAL_STM32F7\HAL_Servo_STM32F7.cpp">
      <Filter>Source Files</Filter>
    </ClCompile>
    <ClCompile Include="src\HAL\HAL_STM32F7\HAL_spi_STM32F7.cpp">
      <Filter>Source Files</Filter>
    </ClCompile>
    <ClCompile Include="src\HAL\HAL_STM32F7\HAL_timers_STM32F7.cpp">
      <Filter>Source Files</Filter>
    </ClCompile>
    <ClCompile Include="src\HAL\HAL_STM32F7\persistent_store_impl.cpp">
      <Filter>Source Files</Filter>
    </ClCompile>
    <ClCompile Include="src\HAL\HAL_STM32F7\TMC2660.cpp">
      <Filter>Source Files</Filter>
    </ClCompile>
    <ClCompile Include="src\HAL\HAL_STM32F7\watchdog_STM32F7.cpp">
      <Filter>Source Files</Filter>
    </ClCompile>
    <ClCompile Include="src\HAL\HAL_STM32F7\EEPROM_Emul\eeprom_emul.cpp">
      <Filter>Source Files</Filter>
    </ClCompile>
    <ClCompile Include="src\HAL\HAL_TEENSY35_36\HAL.cpp">
      <Filter>Source Files</Filter>
    </ClCompile>
    <ClCompile Include="src\HAL\HAL_TEENSY35_36\HAL_Servo_Teensy.cpp">
      <Filter>Source Files</Filter>
    </ClCompile>
    <ClCompile Include="src\HAL\HAL_TEENSY35_36\HAL_spi_Teensy.cpp">
      <Filter>Source Files</Filter>
    </ClCompile>
    <ClCompile Include="src\HAL\HAL_TEENSY35_36\HAL_timers_Teensy.cpp">
      <Filter>Source Files</Filter>
    </ClCompile>
    <ClCompile Include="src\HAL\HAL_TEENSY35_36\persistent_store_impl.cpp">
      <Filter>Source Files</Filter>
    </ClCompile>
    <ClCompile Include="src\HAL\HAL_TEENSY35_36\watchdog_Teensy.cpp">
      <Filter>Source Files</Filter>
    </ClCompile>
    <ClCompile Include="src\lcd\fontutils.cpp">
      <Filter>Source Files</Filter>
    </ClCompile>
    <ClCompile Include="src\lcd\lcdprint_hd44780.cpp">
      <Filter>Source Files</Filter>
    </ClCompile>
    <ClCompile Include="src\lcd\lcdprint_u8g.cpp">
      <Filter>Source Files</Filter>
    </ClCompile>
    <ClCompile Include="src\lcd\malyanlcd.cpp">
      <Filter>Source Files</Filter>
    </ClCompile>
    <ClCompile Include="src\lcd\u8g_fontutf8.cpp">
      <Filter>Source Files</Filter>
    </ClCompile>
    <ClCompile Include="src\lcd\ultralcd.cpp">
      <Filter>Source Files</Filter>
    </ClCompile>
    <ClCompile Include="src\lcd\dogm\u8g_dev_ssd1306_sh1106_128x64_I2C.cpp">
      <Filter>Source Files</Filter>
    </ClCompile>
    <ClCompile Include="src\lcd\dogm\u8g_dev_st7565_64128n_HAL.cpp">
      <Filter>Source Files</Filter>
    </ClCompile>
    <ClCompile Include="src\lcd\dogm\u8g_dev_st7920_128x64_HAL.cpp">
      <Filter>Source Files</Filter>
    </ClCompile>
    <ClCompile Include="src\lcd\dogm\u8g_dev_uc1701_mini12864_HAL.cpp">
      <Filter>Source Files</Filter>
    </ClCompile>
    <ClCompile Include="src\lcd\dogm\ultralcd_st7920_u8glib_rrd_AVR.cpp">
      <Filter>Source Files</Filter>
    </ClCompile>
    <ClCompile Include="src\libs\buzzer.cpp">
      <Filter>Source Files</Filter>
    </ClCompile>
    <ClCompile Include="src\libs\hex_print_routines.cpp">
      <Filter>Source Files</Filter>
    </ClCompile>
    <ClCompile Include="src\libs\least_squares_fit.cpp">
      <Filter>Source Files</Filter>
    </ClCompile>
    <ClCompile Include="src\libs\nozzle.cpp">
      <Filter>Source Files</Filter>
    </ClCompile>
    <ClCompile Include="src\libs\stopwatch.cpp">
      <Filter>Source Files</Filter>
    </ClCompile>
    <ClCompile Include="src\libs\vector_3.cpp">
      <Filter>Source Files</Filter>
    </ClCompile>
    <ClCompile Include="src\module\configuration_store.cpp">
      <Filter>Source Files</Filter>
    </ClCompile>
    <ClCompile Include="src\module\delta.cpp">
      <Filter>Source Files</Filter>
    </ClCompile>
    <ClCompile Include="src\module\endstops.cpp">
      <Filter>Source Files</Filter>
    </ClCompile>
    <ClCompile Include="src\module\motion.cpp">
      <Filter>Source Files</Filter>
    </ClCompile>
    <ClCompile Include="src\module\planner.cpp">
      <Filter>Source Files</Filter>
    </ClCompile>
    <ClCompile Include="src\module\planner_bezier.cpp">
      <Filter>Source Files</Filter>
    </ClCompile>
    <ClCompile Include="src\module\printcounter.cpp">
      <Filter>Source Files</Filter>
    </ClCompile>
    <ClCompile Include="src\module\probe.cpp">
      <Filter>Source Files</Filter>
    </ClCompile>
    <ClCompile Include="src\module\scara.cpp">
      <Filter>Source Files</Filter>
    </ClCompile>
    <ClCompile Include="src\module\servo.cpp">
      <Filter>Source Files</Filter>
    </ClCompile>
    <ClCompile Include="src\module\stepper.cpp">
      <Filter>Source Files</Filter>
    </ClCompile>
    <ClCompile Include="src\module\stepper_indirection.cpp">
      <Filter>Source Files</Filter>
    </ClCompile>
    <ClCompile Include="src\module\temperature.cpp">
      <Filter>Source Files</Filter>
    </ClCompile>
    <ClCompile Include="src\module\tool_change.cpp">
      <Filter>Source Files</Filter>
    </ClCompile>
    <ClCompile Include="src\sd\cardreader.cpp">
      <Filter>Source Files</Filter>
    </ClCompile>
    <ClCompile Include="src\sd\Sd2Card.cpp">
      <Filter>Source Files</Filter>
    </ClCompile>
    <ClCompile Include="src\sd\SdBaseFile.cpp">
      <Filter>Source Files</Filter>
    </ClCompile>
    <ClCompile Include="src\sd\SdFatUtil.cpp">
      <Filter>Source Files</Filter>
    </ClCompile>
    <ClCompile Include="src\sd\SdFile.cpp">
      <Filter>Source Files</Filter>
    </ClCompile>
    <ClCompile Include="src\sd\SdVolume.cpp">
      <Filter>Source Files</Filter>
    </ClCompile>
  </ItemGroup>
</Project>